
Microsoft Visual Studio Solution File, Format Version 12.00
# Visual Studio 14
VisualStudioVersion = 14.0.25420.1
MinimumVisualStudioVersion = 10.0.40219.1
Project("{8BC9CEB8-8B4A-11D0-8D11-00A0C91BC942}") = "Tool", "Tool\Tool.vcxproj", "{C70CAB2C-A12E-4656-B57E-D2756B9928C0}"
EndProject
Project("{2150E333-8FDC-42A3-9474-1A3956D46DE8}") = "Headers", "Headers", "{23A0D060-74CC-4498-939F-28BA62CE152A}"
	ProjectSection(SolutionItems) = preProject
		Headers\Constant.h = Headers\Constant.h
		Headers\Define.h = Headers\Define.h
		Headers\Extern.h = Headers\Extern.h
		Headers\Function.h = Headers\Function.h
		Headers\Struct.h = Headers\Struct.h
		Headers\Typedef.h = Headers\Typedef.h
	EndProjectSection
EndProject
Project("{8BC9CEB8-8B4A-11D0-8D11-00A0C91BC942}") = "Client", "Client\Client.vcxproj", "{C9ED599D-3563-4080-9F80-FA5931D62CD1}"
EndProject
Global
	GlobalSection(SolutionConfigurationPlatforms) = preSolution
		Debug|x64 = Debug|x64
		Debug|x86 = Debug|x86
		Release|x64 = Release|x64
		Release|x86 = Release|x86
	EndGlobalSection
	GlobalSection(ProjectConfigurationPlatforms) = postSolution
		{C70CAB2C-A12E-4656-B57E-D2756B9928C0}.Debug|x64.ActiveCfg = Debug|x64
		{C70CAB2C-A12E-4656-B57E-D2756B9928C0}.Debug|x64.Build.0 = Debug|x64
		{C70CAB2C-A12E-4656-B57E-D2756B9928C0}.Debug|x86.ActiveCfg = Debug|Win32
		{C70CAB2C-A12E-4656-B57E-D2756B9928C0}.Debug|x86.Build.0 = Debug|Win32
		{C70CAB2C-A12E-4656-B57E-D2756B9928C0}.Release|x64.ActiveCfg = Release|x64
		{C70CAB2C-A12E-4656-B57E-D2756B9928C0}.Release|x64.Build.0 = Release|x64
		{C70CAB2C-A12E-4656-B57E-D2756B9928C0}.Release|x86.ActiveCfg = Release|Win32
		{C70CAB2C-A12E-4656-B57E-D2756B9928C0}.Release|x86.Build.0 = Release|Win32
		{C9ED599D-3563-4080-9F80-FA5931D62CD1}.Debug|x64.ActiveCfg = Debug|x64
		{C9ED599D-3563-4080-9F80-FA5931D62CD1}.Debug|x64.Build.0 = Debug|x64
		{C9ED599D-3563-4080-9F80-FA5931D62CD1}.Debug|x86.ActiveCfg = Debug|Win32
		{C9ED599D-3563-4080-9F80-FA5931D62CD1}.Debug|x86.Build.0 = Debug|Win32
		{C9ED599D-3563-4080-9F80-FA5931D62CD1}.Release|x64.ActiveCfg = Release|x64
		{C9ED599D-3563-4080-9F80-FA5931D62CD1}.Release|x64.Build.0 = Release|x64
		{C9ED599D-3563-4080-9F80-FA5931D62CD1}.Release|x86.ActiveCfg = Release|Win32
		{C9ED599D-3563-4080-9F80-FA5931D62CD1}.Release|x86.Build.0 = Release|Win32
	EndGlobalSection
	GlobalSection(SolutionProperties) = preSolution
		HideSolutionNode = FALSE
	EndGlobalSection
EndGlobal
