<?xml version="1.0" encoding="utf-8"?>
<Project ToolsVersion="4.0" xmlns="http://schemas.microsoft.com/developer/msbuild/2003">
  <ItemGroup>
    <Filter Include="98. Headers">
      <UniqueIdentifier>{455fe0eb-a245-4820-9ce4-478318b3a2a7}</UniqueIdentifier>
    </Filter>
    <Filter Include="97. Engine">
      <UniqueIdentifier>{2a4d2200-c352-41a6-8e61-1765aec98400}</UniqueIdentifier>
    </Filter>
    <Filter Include="97. Engine\00. System">
      <UniqueIdentifier>{6a17b1c0-f3d0-4e42-a075-d1dae17362df}</UniqueIdentifier>
    </Filter>
    <Filter Include="97. Engine\01. Utility">
      <UniqueIdentifier>{8671c37f-2c29-4cc3-870a-074b22f00f59}</UniqueIdentifier>
    </Filter>
    <Filter Include="95. Loaders">
      <UniqueIdentifier>{55ecfdb3-5d2d-471d-a21b-ca30d6021430}</UniqueIdentifier>
    </Filter>
    <Filter Include="97. Engine\00. System\00. Device">
      <UniqueIdentifier>{7e57608a-7263-47df-8907-b3438696f217}</UniqueIdentifier>
    </Filter>
    <Filter Include="97. Engine\00. System\02. Timer">
      <UniqueIdentifier>{bf61ff41-e550-445c-acd3-4bc2704ba501}</UniqueIdentifier>
    </Filter>
    <Filter Include="97. Engine\00. System\02. Timer\00. Timer">
      <UniqueIdentifier>{d1bfa901-b671-42f0-b8d3-b80682365b6c}</UniqueIdentifier>
    </Filter>
    <Filter Include="97. Engine\00. System\02. Timer\01. Timer_Manager">
      <UniqueIdentifier>{92647148-ebcf-474b-b4f6-580e2afdf4f9}</UniqueIdentifier>
    </Filter>
    <Filter Include="97. Engine\01. Utility\00. Management">
      <UniqueIdentifier>{b154a029-df74-43cf-b6b3-38c1bb332a0b}</UniqueIdentifier>
    </Filter>
    <Filter Include="97. Engine\01. Utility\01. GameObject">
      <UniqueIdentifier>{21e8396e-d106-462f-b516-1c575ff6d078}</UniqueIdentifier>
    </Filter>
    <Filter Include="97. Engine\01. Utility\02. Component">
      <UniqueIdentifier>{15cd2a68-8887-4c1e-8d7d-f8947cf46653}</UniqueIdentifier>
    </Filter>
    <Filter Include="97. Engine\01. Utility\02. Component\00. Component">
      <UniqueIdentifier>{8eea262b-7946-4d5d-ac55-bc783a7f9508}</UniqueIdentifier>
    </Filter>
    <Filter Include="97. Engine\01. Utility\02. Component\01. Component_Manager">
      <UniqueIdentifier>{5b71bb5b-882a-480f-8e2a-3611768d24eb}</UniqueIdentifier>
    </Filter>
    <Filter Include="97. Engine\01. Utility\02. Component\00. Component\00. Transform">
      <UniqueIdentifier>{4c1c87f5-a7c2-4930-9301-4cd2cced02b5}</UniqueIdentifier>
    </Filter>
    <Filter Include="97. Engine\01. Utility\02. Component\00. Component\01. Renderer">
      <UniqueIdentifier>{1ab92147-cf2b-49e5-bac5-db01d1a46647}</UniqueIdentifier>
    </Filter>
    <Filter Include="97. Engine\01. Utility\03. Light">
      <UniqueIdentifier>{34b9cf73-b881-44dd-a003-2099ab71ec1b}</UniqueIdentifier>
    </Filter>
    <Filter Include="97. Engine\01. Utility\03. Light\00. Light">
      <UniqueIdentifier>{612fc544-443b-49a9-be4b-f34187dcd520}</UniqueIdentifier>
    </Filter>
    <Filter Include="97. Engine\01. Utility\03. Light\01. Light_Manager">
      <UniqueIdentifier>{e4f62b06-3504-451a-9065-350a480abbb8}</UniqueIdentifier>
    </Filter>
    <Filter Include="00. MainApp">
      <UniqueIdentifier>{93a0ea6e-2f61-43a7-9bdc-f0957aab0bec}</UniqueIdentifier>
    </Filter>
    <Filter Include="97. Engine\01. Utility\00. Management\00. Scene">
      <UniqueIdentifier>{264bdb85-56fa-4667-bec2-191ce40b4cb8}</UniqueIdentifier>
    </Filter>
    <Filter Include="97. Engine\01. Utility\01. GameObject\00. GameObject_Manager">
      <UniqueIdentifier>{51eaeb9d-d365-45f6-86bf-c5c7d6f00aa4}</UniqueIdentifier>
    </Filter>
    <Filter Include="97. Engine\01. Utility\01. GameObject\01. Layer">
      <UniqueIdentifier>{19b92dfb-fad1-4bdf-8f85-ef2453345440}</UniqueIdentifier>
    </Filter>
    <Filter Include="97. Engine\01. Utility\01. GameObject\01. Layer\00. GameObject">
      <UniqueIdentifier>{c7b64708-87c5-4fb0-9b70-20b0d831bdde}</UniqueIdentifier>
    </Filter>
    <Filter Include="01. Scene">
      <UniqueIdentifier>{74434fac-9838-4bfd-846f-8ea80f06a781}</UniqueIdentifier>
    </Filter>
    <Filter Include="01. Scene\00. Logo">
      <UniqueIdentifier>{268f6126-e66f-4917-8f1e-6c253169c6ff}</UniqueIdentifier>
    </Filter>
    <Filter Include="02. GameObject">
      <UniqueIdentifier>{a9a7af4d-c4af-40ef-b8d3-b002cf2b6854}</UniqueIdentifier>
    </Filter>
    <Filter Include="02. GameObject\99. BaseShape">
      <UniqueIdentifier>{f4375f42-9646-45cd-9a47-3e2a48b19c59}</UniqueIdentifier>
    </Filter>
    <Filter Include="02. GameObject\99. BaseShape\00. Rect">
      <UniqueIdentifier>{6229278e-2ffc-4eda-84f7-05451a3b245f}</UniqueIdentifier>
    </Filter>
    <Filter Include="97. Engine\01. Utility\02. Component\00. Component\03. Shader">
      <UniqueIdentifier>{18e071bb-6c3e-4bce-b96f-b8f46abee753}</UniqueIdentifier>
    </Filter>
    <Filter Include="02. GameObject\98. Camera">
      <UniqueIdentifier>{e2248989-39b2-4b0e-8760-19a3c4ce81e2}</UniqueIdentifier>
    </Filter>
    <Filter Include="02. GameObject\98. Camera\00. Debug_Camera">
      <UniqueIdentifier>{7501b82a-1f87-4ee5-89c1-01231accd540}</UniqueIdentifier>
    </Filter>
    <Filter Include="97. Engine\00. System\03. Input">
      <UniqueIdentifier>{989ba6f2-cc38-4277-b91b-46729d58d3b3}</UniqueIdentifier>
    </Filter>
    <Filter Include="97. Engine\00. System\04. Camera">
      <UniqueIdentifier>{a1d71011-493e-4701-975b-463cf58ba3c1}</UniqueIdentifier>
    </Filter>
    <Filter Include="97. Engine\01. Utility\02. Component\00. Component\04. Texture">
      <UniqueIdentifier>{c146bee5-b527-4e44-b4ed-d27d44e5a6e2}</UniqueIdentifier>
    </Filter>
    <Filter Include="02. GameObject\00. Scene_Logo">
      <UniqueIdentifier>{98ecb91f-3121-4ff3-8b0a-54591eedf38d}</UniqueIdentifier>
    </Filter>
    <Filter Include="02. GameObject\00. Scene_Logo\00. Logo">
      <UniqueIdentifier>{26495649-bea4-4e96-94c5-5d98148c5983}</UniqueIdentifier>
    </Filter>
    <Filter Include="02. GameObject\01. Scene_Stage">
      <UniqueIdentifier>{e5920e3e-7b2b-4d62-a4aa-343c9358345f}</UniqueIdentifier>
    </Filter>
    <Filter Include="97. Engine\01. Utility\02. Component\00. Component\06. Frustum">
      <UniqueIdentifier>{31d8354d-3688-4516-9ba8-7c5d16aa999f}</UniqueIdentifier>
    </Filter>
    <Filter Include="97. Engine\01. Utility\04. Constant_Buffer">
      <UniqueIdentifier>{9543250d-65ad-47bc-9cd2-774d198ef8f0}</UniqueIdentifier>
    </Filter>
    <Filter Include="97. Engine\01. Utility\04. Constant_Buffer\00. Constant_Buffer">
      <UniqueIdentifier>{2c75a1dd-c7c3-4867-924e-b99c183117f3}</UniqueIdentifier>
    </Filter>
    <Filter Include="97. Engine\01. Utility\04. Constant_Buffer\01. Constant_Buffer_Manager">
      <UniqueIdentifier>{69783f59-863d-4086-8a76-922b2f29122d}</UniqueIdentifier>
    </Filter>
    <Filter Include="97. Engine\01. Utility\05. RenderToTexture">
      <UniqueIdentifier>{0452afe4-216f-4235-a03c-f9762dd19fac}</UniqueIdentifier>
    </Filter>
    <Filter Include="97. Engine\01. Utility\05. RenderToTexture\00. RTTManager">
      <UniqueIdentifier>{e4a49eac-a526-4e9d-9926-f185899b31a7}</UniqueIdentifier>
    </Filter>
    <Filter Include="97. Engine\01. Utility\05. RenderToTexture\01. RTT">
      <UniqueIdentifier>{4cbbec11-2bca-463e-92e0-01147ef7c266}</UniqueIdentifier>
    </Filter>
    <Filter Include="95. Loaders\01. TextureLoader">
      <UniqueIdentifier>{e004e0e9-42c1-421d-aa55-e6455d457338}</UniqueIdentifier>
    </Filter>
    <Filter Include="97. Engine\01. Utility\02. Component\00. Component\07. Navigation">
      <UniqueIdentifier>{5b8e89c8-a5fa-4806-a337-97edc872d1a9}</UniqueIdentifier>
    </Filter>
    <Filter Include="97. Engine\01. Utility\02. Component\00. Component\07. Navigation\00. Cell">
      <UniqueIdentifier>{0f407913-afe9-42ce-844d-85d7e155363d}</UniqueIdentifier>
    </Filter>
    <Filter Include="97. Engine\01. Utility\02. Component\00. Component\07. Navigation\01. Line">
      <UniqueIdentifier>{8953f098-e96a-4594-b98b-08975b3bbee5}</UniqueIdentifier>
    </Filter>
    <Filter Include="97. Engine\01. Utility\06. KeyMananger">
      <UniqueIdentifier>{7fea3e37-35cb-433b-a7be-76d00d4ee7a3}</UniqueIdentifier>
    </Filter>
    <Filter Include="02. GameObject\97. UI">
      <UniqueIdentifier>{58fcaaa1-590e-4ce8-b687-8802eb936395}</UniqueIdentifier>
    </Filter>
    <Filter Include="02. GameObject\97. UI\00. UI_Loading">
      <UniqueIdentifier>{140750d1-b766-4257-884c-a1b3f6c48163}</UniqueIdentifier>
    </Filter>
    <Filter Include="97. Engine\99. Base">
      <UniqueIdentifier>{f7ae0d71-f621-472b-8290-bfc15807a849}</UniqueIdentifier>
    </Filter>
    <Filter Include="97. Engine\00. System\01. Frame">
      <UniqueIdentifier>{9d7a81a1-a847-4529-bc15-930336ef453c}</UniqueIdentifier>
    </Filter>
    <Filter Include="97. Engine\00. System\01. Frame\00. Frame">
      <UniqueIdentifier>{e1f5e810-2406-4343-b57f-938fc2017f49}</UniqueIdentifier>
    </Filter>
    <Filter Include="97. Engine\00. System\01. Frame\01. Frame_Manager">
      <UniqueIdentifier>{d88702df-4d99-42c8-b498-8670630542ed}</UniqueIdentifier>
    </Filter>
    <Filter Include="97. Engine\01. Utility\05. RenderToTexture\02. MRT">
      <UniqueIdentifier>{6254b08b-1cc1-4e10-b054-a05060ddb759}</UniqueIdentifier>
    </Filter>
    <Filter Include="02. GameObject\97. UI\99. UI_Deffered">
      <UniqueIdentifier>{5aae7e2a-b1fc-47bd-8b52-8eeea9cead56}</UniqueIdentifier>
    </Filter>
    <Filter Include="02. GameObject\97. UI\99. UI_Deffered\99. UI_Main">
      <UniqueIdentifier>{54249dab-acf5-4d20-8ecc-f5a08d829b8e}</UniqueIdentifier>
    </Filter>
    <Filter Include="97. Engine\01. Utility\02. Component\00. Component\08. Collider">
      <UniqueIdentifier>{ff87aa2d-30c9-4e94-a1e7-cde46eb16b0d}</UniqueIdentifier>
    </Filter>
    <Filter Include="02. GameObject\99. BaseShape\02. Cube">
      <UniqueIdentifier>{bcac5cea-114d-40d4-866e-61bfd00460c8}</UniqueIdentifier>
    </Filter>
    <Filter Include="02. GameObject\99. BaseShape\03. Cube_Texture">
      <UniqueIdentifier>{cade708d-35d1-451a-b7ae-892d84c2aa8f}</UniqueIdentifier>
    </Filter>
    <Filter Include="97. Engine\01. Utility\02. Component\00. Component\09. Observer">
      <UniqueIdentifier>{750f9af0-9d7b-4a72-9092-c2934bbabc8e}</UniqueIdentifier>
    </Filter>
    <Filter Include="97. Engine\01. Utility\07. ObserverManager">
      <UniqueIdentifier>{bf1f5867-e5e7-4ca6-a5b5-9701b69ce1e1}</UniqueIdentifier>
    </Filter>
    <Filter Include="02. GameObject\97. UI\01. UI_HP">
      <UniqueIdentifier>{21565cad-ff76-45e6-98fb-f7ad6e7385c3}</UniqueIdentifier>
    </Filter>
    <Filter Include="02. GameObject\97. UI\99. UI_Deffered\00. UI_Diffuse">
      <UniqueIdentifier>{8e8b7fbb-a5f3-47fe-a2cd-7af55099a752}</UniqueIdentifier>
    </Filter>
    <Filter Include="02. GameObject\97. UI\99. UI_Deffered\01. UI_Normal">
      <UniqueIdentifier>{2849075b-6750-4f2d-bf07-d3240fbdb606}</UniqueIdentifier>
    </Filter>
    <Filter Include="02. GameObject\01. Scene_Stage\99. Environment">
      <UniqueIdentifier>{d9d86630-a1f8-431e-b2d8-3cb98fc9d482}</UniqueIdentifier>
    </Filter>
    <Filter Include="02. GameObject\01. Scene_Stage\99. Environment\01. Fire">
      <UniqueIdentifier>{00419c05-814e-458b-9453-ecd79fbbc126}</UniqueIdentifier>
    </Filter>
    <Filter Include="02. GameObject\99. BaseShape\99. TestCube">
      <UniqueIdentifier>{55a038b2-c642-4bf1-a715-87909179b3f9}</UniqueIdentifier>
    </Filter>
    <Filter Include="95. Loaders\00. FbxLoader">
      <UniqueIdentifier>{1d2a8cfd-33c9-48bf-addc-a759fdcbca13}</UniqueIdentifier>
    </Filter>
    <Filter Include="97. Engine\01. Utility\02. Component\00. Component\05. Mesh">
      <UniqueIdentifier>{ff41a37a-4038-47ac-a58d-1bbd9e97d687}</UniqueIdentifier>
    </Filter>
    <Filter Include="97. Engine\01. Utility\09. UAVManager">
      <UniqueIdentifier>{b9728a88-b093-4683-afcd-860f48e71848}</UniqueIdentifier>
    </Filter>
    <Filter Include="97. Engine\01. Utility\09. UAVManager\00. UAV">
      <UniqueIdentifier>{45e77893-7eb7-4cd4-b638-2f0d9371df16}</UniqueIdentifier>
    </Filter>
    <Filter Include="97. Engine\01. Utility\09. UAVManager\01. UAVManager">
      <UniqueIdentifier>{4a5c22e6-04d9-4cde-9aeb-255a6b89ecc3}</UniqueIdentifier>
    </Filter>
    <Filter Include="97. Engine\01. Utility\02. Component\00. Component\10. Particle">
      <UniqueIdentifier>{00f11d05-5e56-44d1-b3af-1cde2783f419}</UniqueIdentifier>
    </Filter>
    <Filter Include="97. Engine\01. Utility\08. LoadManager">
      <UniqueIdentifier>{623aa108-42e7-4d8f-9c8b-c69b102cd648}</UniqueIdentifier>
    </Filter>
    <Filter Include="97. Engine\01. Utility\10. StructedBuffer">
      <UniqueIdentifier>{a14a0ba2-a075-4b88-9bc8-e01fe6ba9e96}</UniqueIdentifier>
    </Filter>
    <Filter Include="02. GameObject\96. Particle">
      <UniqueIdentifier>{a49518f6-dc3b-464a-8d38-a14ae6241d3e}</UniqueIdentifier>
    </Filter>
    <Filter Include="02. GameObject\96. Particle\99. Particle_Default">
      <UniqueIdentifier>{2b7b9969-cef9-4c87-b9a2-850fd61891e2}</UniqueIdentifier>
    </Filter>
    <Filter Include="02. GameObject\01. Scene_Stage\99. Environment\02. LowPoly">
      <UniqueIdentifier>{0dc0f715-195c-4e2e-bbde-c64ce2d63f0f}</UniqueIdentifier>
    </Filter>
    <Filter Include="94. Server">
      <UniqueIdentifier>{8a5b4ff6-f999-4a47-9dee-17806fcfbb7e}</UniqueIdentifier>
    </Filter>
    <Filter Include="02. GameObject\97. UI\99. UI_Deffered\02. UI_Position">
      <UniqueIdentifier>{732327b6-bbd6-4861-a668-db50590ba3ef}</UniqueIdentifier>
    </Filter>
    <Filter Include="02. GameObject\97. UI\99. UI_Deffered\04. UI_Direction">
      <UniqueIdentifier>{67c18660-b07c-4cb2-b3a7-f003b0a44a98}</UniqueIdentifier>
    </Filter>
    <Filter Include="02. GameObject\97. UI\99. UI_Deffered\03. UI_Shade">
      <UniqueIdentifier>{292d5338-8e61-4376-ad74-0628340d31ba}</UniqueIdentifier>
    </Filter>
    <Filter Include="97. Engine\01. Utility\02. Component\00. Component\11. Animator">
      <UniqueIdentifier>{ac70dd14-5795-4618-8abe-230a6ad81455}</UniqueIdentifier>
    </Filter>
    <Filter Include="97. Engine\01. Utility\02. Component\00. Component\02. VIBuffer">
      <UniqueIdentifier>{06fc3ebb-4243-49af-89ef-7394a6bb790c}</UniqueIdentifier>
    </Filter>
    <Filter Include="97. Engine\01. Utility\02. Component\00. Component\02. VIBuffer\00. Buffer_RectCol">
      <UniqueIdentifier>{9e63f432-32a1-4574-9d6b-f2adbbbc16ef}</UniqueIdentifier>
    </Filter>
    <Filter Include="97. Engine\01. Utility\02. Component\00. Component\02. VIBuffer\01. Buffer_RectTex">
      <UniqueIdentifier>{d21c3bfa-fe43-46c0-8821-cd77faac6a34}</UniqueIdentifier>
    </Filter>
    <Filter Include="97. Engine\01. Utility\02. Component\00. Component\02. VIBuffer\02. Buffer_CubeCol">
      <UniqueIdentifier>{8cc06ae5-cbca-45fd-afa5-311dc33b249c}</UniqueIdentifier>
    </Filter>
    <Filter Include="97. Engine\01. Utility\02. Component\00. Component\02. VIBuffer\03. Buffer_CubeTex">
      <UniqueIdentifier>{a7f9bfcd-d175-41c8-98fc-d6daaee3f99b}</UniqueIdentifier>
    </Filter>
    <Filter Include="97. Engine\01. Utility\02. Component\00. Component\02. VIBuffer\04. Buffer_Terrain_Tex">
      <UniqueIdentifier>{9ea58e6e-34a7-4a9b-a0df-4181d7057194}</UniqueIdentifier>
    </Filter>
    <Filter Include="97. Engine\01. Utility\02. Component\00. Component\02. VIBuffer\05. Buffer_Terrain_Height">
      <UniqueIdentifier>{f16d96be-e5b7-44ec-b577-df630ca50430}</UniqueIdentifier>
    </Filter>
    <Filter Include="97. Engine\01. Utility\02. Component\00. Component\02. VIBuffer\05. Buffer_Terrain_Height\00. QuadTree">
      <UniqueIdentifier>{2529ad28-09b6-423c-bace-06b3438f5a37}</UniqueIdentifier>
    </Filter>
    <Filter Include="97. Engine\01. Utility\02. Component\00. Component\02. VIBuffer\06. Buffer_Sphere">
      <UniqueIdentifier>{a586f47f-3135-483f-839b-dc1cfc6ebf7f}</UniqueIdentifier>
    </Filter>
    <Filter Include="97. Engine\01. Utility\02. Component\00. Component\02. VIBuffer\07. Buffer_Point">
      <UniqueIdentifier>{0fd3b47f-057c-41bd-af04-25b5c883a217}</UniqueIdentifier>
    </Filter>
    <Filter Include="02. GameObject\01. Scene_Stage\99. Environment\04. Building">
      <UniqueIdentifier>{bd754442-48eb-40d5-9d17-e5d453ae2226}</UniqueIdentifier>
    </Filter>
    <Filter Include="96. ShaderFiles">
      <UniqueIdentifier>{d593620e-f7d3-48a4-bac6-d4efac0f0917}</UniqueIdentifier>
    </Filter>
    <Filter Include="96. ShaderFiles\01. Deffered">
      <UniqueIdentifier>{7dea5627-e98c-4bdd-9a79-e7321387d80a}</UniqueIdentifier>
    </Filter>
    <Filter Include="96. ShaderFiles\00. Struct">
      <UniqueIdentifier>{be990df9-2a72-47f3-9eca-7690319b9cb3}</UniqueIdentifier>
    </Filter>
    <Filter Include="96. ShaderFiles\03. Tool">
      <UniqueIdentifier>{4fca9aa0-5ffb-4dae-84c1-16b0595edf82}</UniqueIdentifier>
    </Filter>
    <Filter Include="96. ShaderFiles\04. Default">
      <UniqueIdentifier>{39f808ff-71fd-4b08-8660-9c6a93bf6afa}</UniqueIdentifier>
    </Filter>
    <Filter Include="96. ShaderFiles\99. Compute">
      <UniqueIdentifier>{9ce81e86-2c50-4511-8f0e-c94497ce7450}</UniqueIdentifier>
    </Filter>
    <Filter Include="96. ShaderFiles\06. Particle">
      <UniqueIdentifier>{d3839f6b-a946-48b6-9978-f89556d75611}</UniqueIdentifier>
    </Filter>
    <Filter Include="96. ShaderFiles\07. Light">
      <UniqueIdentifier>{43e77f45-f2db-4a40-a5d6-6d13a6211bb7}</UniqueIdentifier>
    </Filter>
    <Filter Include="97. Engine\01. Utility\02. Component\00. Component\02. VIBuffer\08. Buffer_Circle">
      <UniqueIdentifier>{88cab8c9-2f67-4a6e-af51-434ed5d0a85a}</UniqueIdentifier>
    </Filter>
    <Filter Include="02. GameObject\99. BaseShape\04. Circle">
      <UniqueIdentifier>{cfe1359d-ccf7-4926-9d8d-e079b6d541ef}</UniqueIdentifier>
    </Filter>
    <Filter Include="02. GameObject\01. Scene_Stage\99. Environment\00. Hatch">
      <UniqueIdentifier>{79e45fc5-d449-400e-9806-303f5fc6b5eb}</UniqueIdentifier>
    </Filter>
    <Filter Include="99. Default">
      <UniqueIdentifier>{d34643b1-00c0-4b8d-af9d-cdfdc583e148}</UniqueIdentifier>
    </Filter>
    <Filter Include="99. Default\00. Setting">
      <UniqueIdentifier>{db0c5d02-fad0-4aec-949d-b4a556049a6b}</UniqueIdentifier>
    </Filter>
    <Filter Include="02. GameObject\01. Scene_Stage\99. Environment\05. Flag">
      <UniqueIdentifier>{5560848d-c94a-4bb4-8a5b-eb93b35ae33c}</UniqueIdentifier>
    </Filter>
    <Filter Include="02. GameObject\97. UI\02. UI_MaxTime">
      <UniqueIdentifier>{dab807ce-103d-426f-bb80-ae549604c02d}</UniqueIdentifier>
    </Filter>
    <Filter Include="02. GameObject\97. UI\03. UI_WoL_Red">
      <UniqueIdentifier>{6059d4f1-1733-4a7a-ab75-146e6ff40c88}</UniqueIdentifier>
    </Filter>
    <Filter Include="02. GameObject\97. UI\04. UI_WoL_Blue">
      <UniqueIdentifier>{40ef1471-4070-4eb3-af3c-9cdae14279e2}</UniqueIdentifier>
    </Filter>
    <Filter Include="02. GameObject\99. BaseShape\05. Sphere">
      <UniqueIdentifier>{ea02003e-515b-4f6d-882a-2ef88e5827c4}</UniqueIdentifier>
    </Filter>
    <Filter Include="02. GameObject\01. Scene_Stage\98. Test">
      <UniqueIdentifier>{22b3d187-d2ab-4990-8ac3-9f4dd71ea498}</UniqueIdentifier>
    </Filter>
    <Filter Include="02. GameObject\01. Scene_Stage\98. Test\99. TestMesh">
      <UniqueIdentifier>{22975039-a9a6-464c-a97e-9721ea9c2be6}</UniqueIdentifier>
    </Filter>
    <Filter Include="02. GameObject\01. Scene_Stage\98. Test\98. TestAnimMesh">
      <UniqueIdentifier>{96030d62-0d11-4080-95f8-7376d27c2237}</UniqueIdentifier>
    </Filter>
    <Filter Include="02. GameObject\01. Scene_Stage\98. Test\97. TestHatchMesh">
      <UniqueIdentifier>{2aa04e3e-e525-45d1-b5f8-99ab695e1677}</UniqueIdentifier>
    </Filter>
    <Filter Include="02. GameObject\01. Scene_Stage\00. Player">
      <UniqueIdentifier>{b82650a2-e8a2-42b8-80fc-e5c30f050808}</UniqueIdentifier>
    </Filter>
    <Filter Include="02. GameObject\01. Scene_Stage\01. NPC">
      <UniqueIdentifier>{acf20eeb-b0aa-4a51-918e-720b10e0edeb}</UniqueIdentifier>
    </Filter>
    <Filter Include="02. GameObject\01. Scene_Stage\03. SkyBox">
      <UniqueIdentifier>{3f5cec16-69a6-460b-b3e3-fa91565b0c21}</UniqueIdentifier>
    </Filter>
    <Filter Include="02. GameObject\01. Scene_Stage\04. Terrain">
      <UniqueIdentifier>{af068f15-8efa-46b8-8e82-3e5b3d4f98e0}</UniqueIdentifier>
    </Filter>
    <Filter Include="02. GameObject\01. Scene_Stage\04. Terrain\00. Terrain_Height">
      <UniqueIdentifier>{7cfb3c23-962d-4480-99e8-c4aaff875be1}</UniqueIdentifier>
    </Filter>
    <Filter Include="02. GameObject\01. Scene_Stage\05. Catapult">
      <UniqueIdentifier>{623e8644-6d56-4b9a-9a56-6789453dcb6f}</UniqueIdentifier>
    </Filter>
    <Filter Include="97. Engine\01. Utility\11. CollisionMgr">
      <UniqueIdentifier>{8a3a0e5f-cadc-4c45-aaa2-6244b7efc87b}</UniqueIdentifier>
    </Filter>
    <Filter Include="96. ShaderFiles\05. Mesh">
      <UniqueIdentifier>{90eebf5c-cae6-4e76-868b-d578378ecd4b}</UniqueIdentifier>
    </Filter>
    <Filter Include="02. GameObject\98. Camera\01. Light_Camera">
      <UniqueIdentifier>{1531d645-66e8-49ff-8a24-fcc3e86344e5}</UniqueIdentifier>
    </Filter>
    <Filter Include="02. GameObject\97. UI\05. UI_OnHead">
      <UniqueIdentifier>{bfd6324d-6fcb-4213-aa3e-c56789d0d61d}</UniqueIdentifier>
    </Filter>
    <Filter Include="02. GameObject\01. Scene_Stage\06. Throw">
      <UniqueIdentifier>{b3a07c0e-e092-4a3d-98ab-bcccf833c22d}</UniqueIdentifier>
    </Filter>
    <Filter Include="02. GameObject\01. Scene_Stage\06. Throw\00. Throw_Arrow">
      <UniqueIdentifier>{6d03c9bc-e0db-4b2d-9d1e-59f2e6dfeef0}</UniqueIdentifier>
    </Filter>
    <Filter Include="02. GameObject\01. Scene_Stage\06. Throw\01. Throw_Stone">
      <UniqueIdentifier>{39355462-9e93-4bf6-8768-9b0c94e5dd6c}</UniqueIdentifier>
    </Filter>
    <Filter Include="02. GameObject\97. UI\05. UI_ClassTap">
      <UniqueIdentifier>{4c8da03f-32de-4fba-beb0-cd0eb03b809d}</UniqueIdentifier>
    </Filter>
    <Filter Include="02. GameObject\97. UI\98. default">
      <UniqueIdentifier>{3994499c-3184-4188-ae7b-5a34dae7127c}</UniqueIdentifier>
    </Filter>
    <Filter Include="02. GameObject\98. Camera\02. Inventory_Camera">
      <UniqueIdentifier>{02077cd7-253c-4bb6-9ecf-e15ce3c1a40d}</UniqueIdentifier>
    </Filter>
    <Filter Include="02. GameObject\01. Scene_Stage\00. Player\Inven">
      <UniqueIdentifier>{d058a8bd-96b0-4373-83e7-8ad321d624de}</UniqueIdentifier>
    </Filter>
    <Filter Include="02. GameObject\97. UI\98. default\00. Button">
      <UniqueIdentifier>{2bc758ff-3d75-44b6-a320-78c768e235ef}</UniqueIdentifier>
    </Filter>
    <Filter Include="02. GameObject\97. UI\98. default\01. UI_CharInterface">
      <UniqueIdentifier>{942d5b7d-bc49-4b94-92a6-c804c6a2b31f}</UniqueIdentifier>
    </Filter>
    <Filter Include="02. GameObject\97. UI\98. default\02. UI_NPCButton">
      <UniqueIdentifier>{d591c17b-e856-44f2-add6-c96000124ea7}</UniqueIdentifier>
    </Filter>
    <Filter Include="96. ShaderFiles\08. Effect">
      <UniqueIdentifier>{7a2448c8-5a2b-4a1b-a5e7-56bc203b5a69}</UniqueIdentifier>
    </Filter>
    <Filter Include="02. GameObject\97. UI\08. UI_Skill">
      <UniqueIdentifier>{49b1f019-4214-4902-812e-2e9bc58becf7}</UniqueIdentifier>
    </Filter>
    <Filter Include="02. GameObject\97. UI\09. UI_Shop">
      <UniqueIdentifier>{c828c80b-fd18-4476-a88d-3fe9470ac81b}</UniqueIdentifier>
    </Filter>
    <Filter Include="96. ShaderFiles\09. UI">
      <UniqueIdentifier>{79be4ae1-0b50-4d1d-bf77-b191b204bd53}</UniqueIdentifier>
    </Filter>
    <Filter Include="02. GameObject\01. Scene_Stage\99. Environment\06. Water">
      <UniqueIdentifier>{b0c1038e-5088-45ef-8ded-31915d159d86}</UniqueIdentifier>
    </Filter>
    <Filter Include="97. Engine\01. Utility\02. Component\00. Component\02. VIBuffer\09. Buffer_RectTexNor">
      <UniqueIdentifier>{9e68e0b0-1d99-4dc9-8cba-704a58b8e83d}</UniqueIdentifier>
    </Filter>
    <Filter Include="02. GameObject\98. Camera\02. Reflection_Camera">
      <UniqueIdentifier>{773764c8-a39c-4fd7-ad2a-73ead5481932}</UniqueIdentifier>
    </Filter>
    <Filter Include="02. GameObject\01. Scene_Stage\98. Test\96. TestBuffer">
      <UniqueIdentifier>{5753f984-0ce4-410d-8add-fe7a5010ebc4}</UniqueIdentifier>
    </Filter>
    <Filter Include="97. Engine\01. Utility\12. FontMgr">
      <UniqueIdentifier>{d69c99c1-a4c5-47d6-9805-ffefcf1c8094}</UniqueIdentifier>
    </Filter>
    <Filter Include="97. Engine\01. Utility\12. FontMgr\00. Font">
      <UniqueIdentifier>{7d8126fe-aa58-42b9-8e59-60e1a3cb3c9e}</UniqueIdentifier>
    </Filter>
    <Filter Include="97. Engine\01. Utility\02. Component\00. Component\12. Picking">
      <UniqueIdentifier>{1404fc5e-7bb4-4966-b744-af1fd36c8787}</UniqueIdentifier>
    </Filter>
    <Filter Include="02. GameObject\97. UI\06. UI_MiniMap">
      <UniqueIdentifier>{c5c77d04-f91a-4a04-8c9b-782cbcec6777}</UniqueIdentifier>
    </Filter>
    <Filter Include="02. GameObject\97. UI\07. UI_Aim">
      <UniqueIdentifier>{7843105d-83e0-4e99-934c-332f0fd3f17d}</UniqueIdentifier>
    </Filter>
    <Filter Include="02. GameObject\01. Scene_Stage\99. Environment\07. Castle">
      <UniqueIdentifier>{4f0bb95b-3cf0-475c-8d37-5e13f9f36899}</UniqueIdentifier>
    </Filter>
    <Filter Include="02. GameObject\01. Scene_Stage\07. Deffend">
      <UniqueIdentifier>{98c3211d-687d-4440-91bf-7d82f0d52de8}</UniqueIdentifier>
    </Filter>
    <Filter Include="02. GameObject\01. Scene_Stage\98. Test\05. Test_Tess">
      <UniqueIdentifier>{3dcfb73e-d990-448d-bded-2267a26654ee}</UniqueIdentifier>
    </Filter>
    <Filter Include="02. GameObject\01. Scene_Stage\08. Animals">
      <UniqueIdentifier>{f4dbf8d8-aad5-4e12-9e2a-e8c2326a3e9b}</UniqueIdentifier>
    </Filter>
    <Filter Include="02. GameObject\96. Particle\00. Particle_Run">
      <UniqueIdentifier>{e13f0f15-0597-427d-ab92-95692c6ce572}</UniqueIdentifier>
    </Filter>
    <Filter Include="97. Engine\01. Utility\13. SoundMgr">
      <UniqueIdentifier>{55ccad89-aa5d-4062-9135-5b9717ec2b37}</UniqueIdentifier>
    </Filter>
    <Filter Include="02. GameObject\01. Scene_Stage\97. Effect">
      <UniqueIdentifier>{49423acf-8bde-4638-aa87-81dbd19711c9}</UniqueIdentifier>
    </Filter>
    <Filter Include="02. GameObject\01. Scene_Stage\97. Effect\00. EffectBox">
      <UniqueIdentifier>{9ab54483-9ed3-4ee6-a120-bf0d4f475803}</UniqueIdentifier>
    </Filter>
    <Filter Include="02. GameObject\01. Scene_Stage\97. Effect\01. EffectSphere">
      <UniqueIdentifier>{4d94da06-8581-452e-93f4-1626ce29518e}</UniqueIdentifier>
    </Filter>
    <Filter Include="01. Scene\01. Lobby">
      <UniqueIdentifier>{a8ce85d9-555d-47d4-a7d2-7948c4926b1e}</UniqueIdentifier>
    </Filter>
    <Filter Include="01. Scene\02. Stage">
      <UniqueIdentifier>{6552fa3a-e608-42d9-b5f7-192d4ce50cda}</UniqueIdentifier>
    </Filter>
    <Filter Include="02. GameObject\98. Camera\04. Map_Camera">
      <UniqueIdentifier>{617f489f-8875-4eaa-bc0e-6a21d2ead2ad}</UniqueIdentifier>
    </Filter>
    <Filter Include="02. GameObject\97. UI\99. UI_Deffered\98. UI_MiniMap">
      <UniqueIdentifier>{ffd208cb-90ae-4e53-b982-18c23d1aa42c}</UniqueIdentifier>
    </Filter>
    <Filter Include="02. GameObject\01. Scene_Stage\09. MapUser">
      <UniqueIdentifier>{49774511-c95f-41cc-80ad-3992b2ac068e}</UniqueIdentifier>
    </Filter>
  </ItemGroup>
  <ItemGroup>
    <ClInclude Include="framework.h">
      <Filter>99. Default</Filter>
    </ClInclude>
    <ClInclude Include="CartoonWar.h">
      <Filter>99. Default</Filter>
    </ClInclude>
    <ClInclude Include="Resource.h">
      <Filter>99. Default</Filter>
    </ClInclude>
    <ClInclude Include="targetver.h">
      <Filter>99. Default</Filter>
    </ClInclude>
    <ClInclude Include="..\Headers\Base.h">
      <Filter>97. Engine\99. Base</Filter>
    </ClInclude>
    <ClInclude Include="..\Headers\Extern.h">
      <Filter>98. Headers</Filter>
    </ClInclude>
    <ClInclude Include="..\Headers\Struct.h">
      <Filter>98. Headers</Filter>
    </ClInclude>
    <ClInclude Include="..\Headers\Define.h">
      <Filter>98. Headers</Filter>
    </ClInclude>
    <ClInclude Include="..\Headers\Function.h">
      <Filter>98. Headers</Filter>
    </ClInclude>
    <ClInclude Include="..\Headers\Funtor.h">
      <Filter>98. Headers</Filter>
    </ClInclude>
    <ClInclude Include="..\Headers\SimpleMath.h">
      <Filter>98. Headers</Filter>
    </ClInclude>
    <ClInclude Include="..\Headers\Typedef.h">
      <Filter>98. Headers</Filter>
    </ClInclude>
    <ClInclude Include="..\Headers\System.h">
      <Filter>97. Engine\00. System</Filter>
    </ClInclude>
    <ClInclude Include="..\Headers\Frame.h">
      <Filter>97. Engine\00. System\01. Frame\00. Frame</Filter>
    </ClInclude>
    <ClInclude Include="..\Headers\FrameManager.h">
      <Filter>97. Engine\00. System\01. Frame\01. Frame_Manager</Filter>
    </ClInclude>
    <ClInclude Include="..\Headers\Timer.h">
      <Filter>97. Engine\00. System\02. Timer\00. Timer</Filter>
    </ClInclude>
    <ClInclude Include="..\Headers\TimerManager.h">
      <Filter>97. Engine\00. System\02. Timer\01. Timer_Manager</Filter>
    </ClInclude>
    <ClInclude Include="..\Headers\Input.h">
      <Filter>97. Engine\00. System\03. Input</Filter>
    </ClInclude>
    <ClInclude Include="..\Headers\Device.h">
      <Filter>97. Engine\00. System\00. Device</Filter>
    </ClInclude>
    <ClInclude Include="..\Headers\Management.h">
      <Filter>97. Engine\01. Utility\00. Management</Filter>
    </ClInclude>
    <ClInclude Include="..\Headers\Component.h">
      <Filter>97. Engine\01. Utility\02. Component\00. Component</Filter>
    </ClInclude>
    <ClInclude Include="..\Headers\Component_Manager.h">
      <Filter>97. Engine\01. Utility\02. Component\01. Component_Manager</Filter>
    </ClInclude>
    <ClInclude Include="..\Headers\Renderer.h">
      <Filter>97. Engine\01. Utility\02. Component\00. Component\01. Renderer</Filter>
    </ClInclude>
    <ClInclude Include="..\Headers\Transform.h">
      <Filter>97. Engine\01. Utility\02. Component\00. Component\00. Transform</Filter>
    </ClInclude>
    <ClInclude Include="..\Headers\Light.h">
      <Filter>97. Engine\01. Utility\03. Light\00. Light</Filter>
    </ClInclude>
    <ClInclude Include="..\Headers\Light_Manager.h">
      <Filter>97. Engine\01. Utility\03. Light\01. Light_Manager</Filter>
    </ClInclude>
    <ClInclude Include="..\Headers\MainApp.h">
      <Filter>00. MainApp</Filter>
    </ClInclude>
    <ClInclude Include="..\Headers\Scene.h">
      <Filter>97. Engine\01. Utility\00. Management\00. Scene</Filter>
    </ClInclude>
    <ClInclude Include="..\Headers\GameObject_Manager.h">
      <Filter>97. Engine\01. Utility\01. GameObject\00. GameObject_Manager</Filter>
    </ClInclude>
    <ClInclude Include="..\Headers\Layer.h">
      <Filter>97. Engine\01. Utility\01. GameObject\01. Layer</Filter>
    </ClInclude>
    <ClInclude Include="..\Headers\GameObject.h">
      <Filter>97. Engine\01. Utility\01. GameObject\01. Layer\00. GameObject</Filter>
    </ClInclude>
    <ClInclude Include="..\Headers\Scene_Logo.h">
      <Filter>01. Scene\00. Logo</Filter>
    </ClInclude>
    <ClInclude Include="..\Headers\VIBuffer.h">
      <Filter>97. Engine\01. Utility\02. Component\00. Component\02. VIBuffer</Filter>
    </ClInclude>
    <ClInclude Include="..\Headers\Buffer_RectCol.h">
      <Filter>97. Engine\01. Utility\02. Component\00. Component\02. VIBuffer\00. Buffer_RectCol</Filter>
    </ClInclude>
    <ClInclude Include="..\Headers\MyRect.h">
      <Filter>02. GameObject\99. BaseShape\00. Rect</Filter>
    </ClInclude>
    <ClInclude Include="..\Headers\Shader.h">
      <Filter>97. Engine\01. Utility\02. Component\00. Component\03. Shader</Filter>
    </ClInclude>
    <ClInclude Include="..\Headers\Camera.h">
      <Filter>02. GameObject\98. Camera</Filter>
    </ClInclude>
    <ClInclude Include="..\Headers\Debug_Camera.h">
      <Filter>02. GameObject\98. Camera\00. Debug_Camera</Filter>
    </ClInclude>
    <ClInclude Include="..\Headers\Camera_Manager.h">
      <Filter>97. Engine\00. System\04. Camera</Filter>
    </ClInclude>
    <ClInclude Include="..\Headers\Buffer_RectTex.h">
      <Filter>97. Engine\01. Utility\02. Component\00. Component\02. VIBuffer\01. Buffer_RectTex</Filter>
    </ClInclude>
    <ClInclude Include="..\Headers\Texture.h">
      <Filter>97. Engine\01. Utility\02. Component\00. Component\04. Texture</Filter>
    </ClInclude>
    <ClInclude Include="..\Headers\Buffer_CubeCol.h">
      <Filter>97. Engine\01. Utility\02. Component\00. Component\02. VIBuffer\02. Buffer_CubeCol</Filter>
    </ClInclude>
    <ClInclude Include="..\Headers\Cube.h">
      <Filter>02. GameObject\99. BaseShape\02. Cube</Filter>
    </ClInclude>
    <ClInclude Include="..\Headers\Logo.h">
      <Filter>02. GameObject\00. Scene_Logo\00. Logo</Filter>
    </ClInclude>
    <ClInclude Include="..\Headers\Scene_Stage.h">
      <Filter>01. Scene\02. Stage</Filter>
    </ClInclude>
    <ClInclude Include="..\Headers\SkyBox.h">
      <Filter>02. GameObject\01. Scene_Stage\03. SkyBox</Filter>
    </ClInclude>
    <ClInclude Include="..\Headers\Buffer_CubeTex.h">
      <Filter>97. Engine\01. Utility\02. Component\00. Component\02. VIBuffer\03. Buffer_CubeTex</Filter>
    </ClInclude>
    <ClInclude Include="..\Headers\Buffer_Terrain.h">
      <Filter>97. Engine\01. Utility\02. Component\00. Component\02. VIBuffer\04. Buffer_Terrain_Tex</Filter>
    </ClInclude>
    <ClInclude Include="..\Headers\Terrain.h">
      <Filter>02. GameObject\01. Scene_Stage\04. Terrain</Filter>
    </ClInclude>
    <ClInclude Include="..\Headers\Buffer_Terrain_Height.h">
      <Filter>97. Engine\01. Utility\02. Component\00. Component\02. VIBuffer\05. Buffer_Terrain_Height</Filter>
    </ClInclude>
    <ClInclude Include="..\Headers\Terrain_Height.h">
      <Filter>02. GameObject\01. Scene_Stage\04. Terrain\00. Terrain_Height</Filter>
    </ClInclude>
    <ClInclude Include="..\Headers\Hash.h">
      <Filter>98. Headers</Filter>
    </ClInclude>
    <ClInclude Include="..\Headers\Frustum.h">
      <Filter>97. Engine\01. Utility\02. Component\00. Component\06. Frustum</Filter>
    </ClInclude>
    <ClInclude Include="..\Headers\DirectXTex.h">
      <Filter>95. Loaders\01. TextureLoader</Filter>
    </ClInclude>
    <ClInclude Include="..\Headers\Constant_Buffer.h">
      <Filter>97. Engine\01. Utility\04. Constant_Buffer\00. Constant_Buffer</Filter>
    </ClInclude>
    <ClInclude Include="..\Headers\Constant_Buffer_Manager.h">
      <Filter>97. Engine\01. Utility\04. Constant_Buffer\01. Constant_Buffer_Manager</Filter>
    </ClInclude>
    <ClInclude Include="..\Headers\RTTMananger.h">
      <Filter>97. Engine\01. Utility\05. RenderToTexture\00. RTTManager</Filter>
    </ClInclude>
    <ClInclude Include="..\Headers\RTT.h">
      <Filter>97. Engine\01. Utility\05. RenderToTexture\01. RTT</Filter>
    </ClInclude>
    <ClInclude Include="..\Headers\Navigation.h">
      <Filter>97. Engine\01. Utility\02. Component\00. Component\07. Navigation</Filter>
    </ClInclude>
    <ClInclude Include="..\Headers\Cell.h">
      <Filter>97. Engine\01. Utility\02. Component\00. Component\07. Navigation\00. Cell</Filter>
    </ClInclude>
    <ClInclude Include="..\Headers\Line.h">
      <Filter>97. Engine\01. Utility\02. Component\00. Component\07. Navigation\01. Line</Filter>
    </ClInclude>
    <ClInclude Include="..\Headers\KeyManager.h">
      <Filter>97. Engine\01. Utility\06. KeyMananger</Filter>
    </ClInclude>
    <ClInclude Include="..\Headers\Enum.h">
      <Filter>98. Headers</Filter>
    </ClInclude>
    <ClInclude Include="..\Headers\Constant.h">
      <Filter>98. Headers</Filter>
    </ClInclude>
    <ClInclude Include="..\Headers\UI_Loading.h">
      <Filter>02. GameObject\97. UI\00. UI_Loading</Filter>
    </ClInclude>
    <ClInclude Include="..\Headers\UI_Diffuse.h">
      <Filter>02. GameObject\97. UI\99. UI_Deffered\00. UI_Diffuse</Filter>
    </ClInclude>
    <ClInclude Include="..\Headers\UI_Normal.h">
      <Filter>02. GameObject\97. UI\99. UI_Deffered\01. UI_Normal</Filter>
    </ClInclude>
    <ClInclude Include="..\Headers\MRT.h">
      <Filter>97. Engine\01. Utility\05. RenderToTexture\02. MRT</Filter>
    </ClInclude>
    <ClInclude Include="..\Headers\UI_Main.h">
      <Filter>02. GameObject\97. UI\99. UI_Deffered\99. UI_Main</Filter>
    </ClInclude>
    <ClInclude Include="..\Headers\Cube_Texture.h">
      <Filter>02. GameObject\99. BaseShape\03. Cube_Texture</Filter>
    </ClInclude>
    <ClInclude Include="..\Headers\QuadTree.h">
      <Filter>97. Engine\01. Utility\02. Component\00. Component\02. VIBuffer\05. Buffer_Terrain_Height\00. QuadTree</Filter>
    </ClInclude>
    <ClInclude Include="..\Headers\Collider.h">
      <Filter>97. Engine\01. Utility\02. Component\00. Component\08. Collider</Filter>
    </ClInclude>
    <ClInclude Include="..\Headers\Buffer_Sphere.h">
      <Filter>97. Engine\01. Utility\02. Component\00. Component\02. VIBuffer\06. Buffer_Sphere</Filter>
    </ClInclude>
    <ClInclude Include="..\Headers\Observer.h">
      <Filter>97. Engine\01. Utility\02. Component\00. Component\09. Observer</Filter>
    </ClInclude>
    <ClInclude Include="..\Headers\ObserverManager.h">
      <Filter>97. Engine\01. Utility\07. ObserverManager</Filter>
    </ClInclude>
    <ClInclude Include="..\Headers\LoadManager.h">
      <Filter>97. Engine\01. Utility\08. LoadManager</Filter>
    </ClInclude>
    <ClInclude Include="..\Headers\UI_HP.h">
      <Filter>02. GameObject\97. UI\01. UI_HP</Filter>
    </ClInclude>
    <ClInclude Include="..\Headers\UI_MP.h">
      <Filter>02. GameObject\97. UI\02. UI_MaxTime</Filter>
    </ClInclude>
    <ClInclude Include="..\Headers\Fire.h">
      <Filter>02. GameObject\01. Scene_Stage\99. Environment\01. Fire</Filter>
    </ClInclude>
    <ClInclude Include="..\Headers\TestCube.h">
      <Filter>02. GameObject\99. BaseShape\99. TestCube</Filter>
    </ClInclude>
    <ClInclude Include="..\Headers\UI_Shade.h">
      <Filter>02. GameObject\97. UI\99. UI_Deffered\03. UI_Shade</Filter>
    </ClInclude>
    <ClInclude Include="..\Headers\UI.h">
      <Filter>02. GameObject\97. UI</Filter>
    </ClInclude>
    <ClInclude Include="..\Headers\TestMesh.h">
      <Filter>02. GameObject\01. Scene_Stage\98. Test\99. TestMesh</Filter>
    </ClInclude>
    <ClInclude Include="..\Headers\FbxLoader.h">
      <Filter>95. Loaders\00. FbxLoader</Filter>
    </ClInclude>
    <ClInclude Include="..\Headers\Mesh.h">
      <Filter>97. Engine\01. Utility\02. Component\00. Component\05. Mesh</Filter>
    </ClInclude>
    <ClInclude Include="..\Headers\UAV.h">
      <Filter>97. Engine\01. Utility\09. UAVManager\00. UAV</Filter>
    </ClInclude>
    <ClInclude Include="..\Headers\UAVManager.h">
      <Filter>97. Engine\01. Utility\09. UAVManager\01. UAVManager</Filter>
    </ClInclude>
    <ClInclude Include="..\Headers\Particle.h">
      <Filter>97. Engine\01. Utility\02. Component\00. Component\10. Particle</Filter>
    </ClInclude>
    <ClInclude Include="..\Headers\StructedBuffer.h">
      <Filter>97. Engine\01. Utility\10. StructedBuffer</Filter>
    </ClInclude>
    <ClInclude Include="..\Headers\Particle_Default.h">
      <Filter>02. GameObject\96. Particle\99. Particle_Default</Filter>
    </ClInclude>
    <ClInclude Include="..\Headers\Animator.h">
      <Filter>97. Engine\01. Utility\02. Component\00. Component\11. Animator</Filter>
    </ClInclude>
    <ClInclude Include="..\Headers\Buffer_Point.h">
      <Filter>97. Engine\01. Utility\02. Component\00. Component\02. VIBuffer\07. Buffer_Point</Filter>
    </ClInclude>
    <ClInclude Include="..\Headers\TestHatchMesh.h">
      <Filter>02. GameObject\01. Scene_Stage\98. Test\97. TestHatchMesh</Filter>
    </ClInclude>
    <ClInclude Include="..\Headers\TestAnimMesh.h">
      <Filter>02. GameObject\01. Scene_Stage\98. Test\98. TestAnimMesh</Filter>
    </ClInclude>
    <ClInclude Include="..\Headers\Server_Manager.h">
      <Filter>94. Server</Filter>
    </ClInclude>
    <ClInclude Include="protocol.h">
      <Filter>94. Server</Filter>
    </ClInclude>
    <ClInclude Include="..\Headers\UI_Position.h">
      <Filter>02. GameObject\97. UI\99. UI_Deffered\02. UI_Position</Filter>
    </ClInclude>
    <ClInclude Include="..\Headers\UI_PointLight.h">
      <Filter>02. GameObject\97. UI\99. UI_Deffered\04. UI_Direction</Filter>
    </ClInclude>
    <ClInclude Include="..\Headers\Building.h">
      <Filter>02. GameObject\01. Scene_Stage\99. Environment\04. Building</Filter>
    </ClInclude>
    <ClInclude Include="..\Headers\LowPoly.h">
      <Filter>02. GameObject\01. Scene_Stage\99. Environment\02. LowPoly</Filter>
    </ClInclude>
    <ClInclude Include="..\Headers\Buffer_Circle.h">
      <Filter>97. Engine\01. Utility\02. Component\00. Component\02. VIBuffer\08. Buffer_Circle</Filter>
    </ClInclude>
    <ClInclude Include="..\Headers\Circle.h">
      <Filter>02. GameObject\99. BaseShape\04. Circle</Filter>
    </ClInclude>
    <ClInclude Include="..\Headers\Hatch.h">
      <Filter>02. GameObject\01. Scene_Stage\99. Environment\00. Hatch</Filter>
    </ClInclude>
    <ClInclude Include="..\Headers\Flag.h">
      <Filter>02. GameObject\01. Scene_Stage\99. Environment\05. Flag</Filter>
    </ClInclude>
    <ClInclude Include="..\Headers\UI_WoL.h">
      <Filter>02. GameObject\97. UI\03. UI_WoL_Red</Filter>
    </ClInclude>
    <ClInclude Include="..\Headers\UI_WoL_Blue.h">
      <Filter>02. GameObject\97. UI\04. UI_WoL_Blue</Filter>
    </ClInclude>
    <ClInclude Include="..\Headers\Sphere.h">
      <Filter>02. GameObject\99. BaseShape\05. Sphere</Filter>
    </ClInclude>
    <ClInclude Include="..\Headers\Catapult.h">
      <Filter>02. GameObject\01. Scene_Stage\05. Catapult</Filter>
    </ClInclude>
    <ClInclude Include="..\Headers\Player.h">
      <Filter>02. GameObject\01. Scene_Stage\00. Player</Filter>
    </ClInclude>
    <ClInclude Include="..\Headers\NPC.h">
      <Filter>02. GameObject\01. Scene_Stage\01. NPC</Filter>
    </ClInclude>
    <ClInclude Include="..\Headers\CollisionMgr.h">
      <Filter>97. Engine\01. Utility\11. CollisionMgr</Filter>
    </ClInclude>
    <ClInclude Include="..\Headers\Light_Camera.h">
      <Filter>02. GameObject\98. Camera\01. Light_Camera</Filter>
    </ClInclude>
    <ClInclude Include="..\Headers\UI_ClassTap.h">
      <Filter>02. GameObject\97. UI\05. UI_ClassTap</Filter>
    </ClInclude>
    <ClInclude Include="..\Headers\Inventory_Camera.h">
      <Filter>02. GameObject\98. Camera\02. Inventory_Camera</Filter>
    </ClInclude>
    <ClInclude Include="..\Headers\Player_Inven.h">
      <Filter>02. GameObject\01. Scene_Stage\00. Player\Inven</Filter>
    </ClInclude>
    <ClInclude Include="..\Headers\UI_Button.h">
      <Filter>02. GameObject\97. UI\98. default\00. Button</Filter>
    </ClInclude>
    <ClInclude Include="..\Headers\UI_CharInterface.h">
      <Filter>02. GameObject\97. UI\98. default\01. UI_CharInterface</Filter>
    </ClInclude>
    <ClInclude Include="..\Headers\UI_OnHead.h">
      <Filter>02. GameObject\97. UI\05. UI_OnHead</Filter>
    </ClInclude>
    <ClInclude Include="..\Headers\Throw_Arrow.h">
      <Filter>02. GameObject\01. Scene_Stage\06. Throw\00. Throw_Arrow</Filter>
    </ClInclude>
    <ClInclude Include="..\Headers\UI_ButtonNPC.h">
      <Filter>02. GameObject\97. UI\98. default\02. UI_NPCButton</Filter>
    </ClInclude>
    <ClInclude Include="..\Headers\UI_Skill.h">
      <Filter>02. GameObject\97. UI\08. UI_Skill</Filter>
    </ClInclude>
    <ClInclude Include="..\Headers\UI_Shop.h">
      <Filter>02. GameObject\97. UI\09. UI_Shop</Filter>
    </ClInclude>
    <ClInclude Include="..\Headers\Water.h">
      <Filter>02. GameObject\01. Scene_Stage\99. Environment\06. Water</Filter>
    </ClInclude>
    <ClInclude Include="..\Headers\Buffer_RectTexNor.h">
      <Filter>97. Engine\01. Utility\02. Component\00. Component\02. VIBuffer\09. Buffer_RectTexNor</Filter>
    </ClInclude>
    <ClInclude Include="..\Headers\Reflection_Camera.h">
      <Filter>02. GameObject\98. Camera\02. Reflection_Camera</Filter>
    </ClInclude>
    <ClInclude Include="..\Headers\TestBuffer.h">
      <Filter>02. GameObject\01. Scene_Stage\98. Test\96. TestBuffer</Filter>
    </ClInclude>
    <ClInclude Include="..\Headers\FontMgr.h">
      <Filter>97. Engine\01. Utility\12. FontMgr</Filter>
    </ClInclude>
    <ClInclude Include="..\Headers\Font.h">
      <Filter>97. Engine\01. Utility\12. FontMgr\00. Font</Filter>
    </ClInclude>
    <ClInclude Include="..\Headers\Picking.h">
      <Filter>97. Engine\01. Utility\02. Component\00. Component\12. Picking</Filter>
    </ClInclude>
    <ClInclude Include="..\Headers\UI_MiniMap.h">
      <Filter>02. GameObject\97. UI\06. UI_MiniMap</Filter>
    </ClInclude>
    <ClInclude Include="..\Headers\UI_Aim.h">
      <Filter>02. GameObject\97. UI\07. UI_Aim</Filter>
    </ClInclude>
    <ClInclude Include="..\Headers\Castle.h">
      <Filter>02. GameObject\01. Scene_Stage\99. Environment\07. Castle</Filter>
    </ClInclude>
    <ClInclude Include="..\Headers\Deffend.h">
      <Filter>02. GameObject\01. Scene_Stage\07. Deffend</Filter>
    </ClInclude>
    <ClInclude Include="..\Headers\Test_Tess.h">
      <Filter>02. GameObject\01. Scene_Stage\98. Test\05. Test_Tess</Filter>
    </ClInclude>
    <ClInclude Include="..\Headers\Animals.h">
      <Filter>02. GameObject\01. Scene_Stage\08. Animals</Filter>
    </ClInclude>
    <ClInclude Include="..\Headers\Particle_Run.h">
      <Filter>02. GameObject\96. Particle\00. Particle_Run</Filter>
    </ClInclude>
    <ClInclude Include="..\Headers\SoundMgr.h">
      <Filter>97. Engine\01. Utility\13. SoundMgr</Filter>
    </ClInclude>
    <ClInclude Include="..\Headers\EffectBox.h">
      <Filter>02. GameObject\01. Scene_Stage\97. Effect\00. EffectBox</Filter>
    </ClInclude>
    <ClInclude Include="..\Headers\Lobby.h">
      <Filter>01. Scene\01. Lobby</Filter>
    </ClInclude>
    <ClInclude Include="..\Headers\Map_Camera.h">
      <Filter>02. GameObject\98. Camera\04. Map_Camera</Filter>
    </ClInclude>
    <ClInclude Include="..\Headers\MapUser.h">
      <Filter>02. GameObject\01. Scene_Stage\09. MapUser</Filter>
    </ClInclude>
  </ItemGroup>
  <ItemGroup>
    <Image Include="CartoonWar.ico">
      <Filter>99. Default</Filter>
    </Image>
    <Image Include="small.ico">
      <Filter>99. Default</Filter>
    </Image>
  </ItemGroup>
  <ItemGroup>
    <ResourceCompile Include="CartoonWar.rc">
      <Filter>99. Default</Filter>
    </ResourceCompile>
  </ItemGroup>
  <ItemGroup>
    <ClCompile Include="CartoonWar.cpp">
      <Filter>99. Default</Filter>
    </ClCompile>
    <ClCompile Include="..\Codes\Base.cpp">
      <Filter>97. Engine\99. Base</Filter>
    </ClCompile>
    <ClCompile Include="..\Codes\System.cpp">
      <Filter>97. Engine\00. System</Filter>
    </ClCompile>
    <ClCompile Include="..\Codes\Frame.cpp">
      <Filter>97. Engine\00. System\01. Frame\00. Frame</Filter>
    </ClCompile>
    <ClCompile Include="..\Codes\FrameManager.cpp">
      <Filter>97. Engine\00. System\01. Frame\01. Frame_Manager</Filter>
    </ClCompile>
    <ClCompile Include="..\Codes\Timer.cpp">
      <Filter>97. Engine\00. System\02. Timer\00. Timer</Filter>
    </ClCompile>
    <ClCompile Include="..\Codes\TimerManager.cpp">
      <Filter>97. Engine\00. System\02. Timer\01. Timer_Manager</Filter>
    </ClCompile>
    <ClCompile Include="..\Codes\Input.cpp">
      <Filter>97. Engine\00. System\03. Input</Filter>
    </ClCompile>
    <ClCompile Include="..\Codes\Device.cpp">
      <Filter>97. Engine\00. System\00. Device</Filter>
    </ClCompile>
    <ClCompile Include="..\Codes\Management.cpp">
      <Filter>97. Engine\01. Utility\00. Management</Filter>
    </ClCompile>
    <ClCompile Include="..\Codes\Component.cpp">
      <Filter>97. Engine\01. Utility\02. Component\00. Component</Filter>
    </ClCompile>
    <ClCompile Include="..\Codes\Component_Manager.cpp">
      <Filter>97. Engine\01. Utility\02. Component\01. Component_Manager</Filter>
    </ClCompile>
    <ClCompile Include="..\Codes\Renderer.cpp">
      <Filter>97. Engine\01. Utility\02. Component\00. Component\01. Renderer</Filter>
    </ClCompile>
    <ClCompile Include="..\Codes\Transform.cpp">
      <Filter>97. Engine\01. Utility\02. Component\00. Component\00. Transform</Filter>
    </ClCompile>
    <ClCompile Include="..\Codes\Light.cpp">
      <Filter>97. Engine\01. Utility\03. Light\00. Light</Filter>
    </ClCompile>
    <ClCompile Include="..\Codes\Light_Manager.cpp">
      <Filter>97. Engine\01. Utility\03. Light\01. Light_Manager</Filter>
    </ClCompile>
    <ClCompile Include="..\Codes\MainApp.cpp">
      <Filter>00. MainApp</Filter>
    </ClCompile>
    <ClCompile Include="..\Codes\Scene.cpp">
      <Filter>97. Engine\01. Utility\00. Management\00. Scene</Filter>
    </ClCompile>
    <ClCompile Include="..\Codes\GameObject_Manager.cpp">
      <Filter>97. Engine\01. Utility\01. GameObject\00. GameObject_Manager</Filter>
    </ClCompile>
    <ClCompile Include="..\Codes\Layer.cpp">
      <Filter>97. Engine\01. Utility\01. GameObject\01. Layer</Filter>
    </ClCompile>
    <ClCompile Include="..\Codes\GameObject.cpp">
      <Filter>97. Engine\01. Utility\01. GameObject\01. Layer\00. GameObject</Filter>
    </ClCompile>
    <ClCompile Include="..\Codes\Scene_Logo.cpp">
      <Filter>01. Scene\00. Logo</Filter>
    </ClCompile>
    <ClCompile Include="..\Codes\VIBuffer.cpp">
      <Filter>97. Engine\01. Utility\02. Component\00. Component\02. VIBuffer</Filter>
    </ClCompile>
    <ClCompile Include="..\Codes\Buffer_RectCol.cpp">
      <Filter>97. Engine\01. Utility\02. Component\00. Component\02. VIBuffer\00. Buffer_RectCol</Filter>
    </ClCompile>
    <ClCompile Include="..\Codes\MyRect.cpp">
      <Filter>02. GameObject\99. BaseShape\00. Rect</Filter>
    </ClCompile>
    <ClCompile Include="..\Codes\Shader.cpp">
      <Filter>97. Engine\01. Utility\02. Component\00. Component\03. Shader</Filter>
    </ClCompile>
    <ClCompile Include="..\Codes\Camera.cpp">
      <Filter>02. GameObject\98. Camera</Filter>
    </ClCompile>
    <ClCompile Include="..\Codes\Debug_Camera.cpp">
      <Filter>02. GameObject\98. Camera\00. Debug_Camera</Filter>
    </ClCompile>
    <ClCompile Include="..\Codes\Camera_Manager.cpp">
      <Filter>97. Engine\00. System\04. Camera</Filter>
    </ClCompile>
    <ClCompile Include="..\Codes\Buffer_RectTex.cpp">
      <Filter>97. Engine\01. Utility\02. Component\00. Component\02. VIBuffer\01. Buffer_RectTex</Filter>
    </ClCompile>
    <ClCompile Include="..\Codes\Texture.cpp">
      <Filter>97. Engine\01. Utility\02. Component\00. Component\04. Texture</Filter>
    </ClCompile>
    <ClCompile Include="..\Codes\Buffer_CubeCol.cpp">
      <Filter>97. Engine\01. Utility\02. Component\00. Component\02. VIBuffer\02. Buffer_CubeCol</Filter>
    </ClCompile>
    <ClCompile Include="..\Codes\Cube.cpp">
      <Filter>02. GameObject\99. BaseShape\02. Cube</Filter>
    </ClCompile>
    <ClCompile Include="..\Codes\Logo.cpp">
      <Filter>02. GameObject\00. Scene_Logo\00. Logo</Filter>
    </ClCompile>
    <ClCompile Include="..\Codes\Scene_Stage.cpp">
      <Filter>01. Scene\02. Stage</Filter>
    </ClCompile>
    <ClCompile Include="..\Codes\SkyBox.cpp">
      <Filter>02. GameObject\01. Scene_Stage\03. SkyBox</Filter>
    </ClCompile>
    <ClCompile Include="..\Codes\Buffer_CubeTex.cpp">
      <Filter>97. Engine\01. Utility\02. Component\00. Component\02. VIBuffer\03. Buffer_CubeTex</Filter>
    </ClCompile>
    <ClCompile Include="..\Codes\Buffer_Terrain.cpp">
      <Filter>97. Engine\01. Utility\02. Component\00. Component\02. VIBuffer\04. Buffer_Terrain_Tex</Filter>
    </ClCompile>
    <ClCompile Include="..\Codes\Terrain.cpp">
      <Filter>02. GameObject\01. Scene_Stage\04. Terrain</Filter>
    </ClCompile>
    <ClCompile Include="..\Codes\Buffer_Terrain_Height.cpp">
      <Filter>97. Engine\01. Utility\02. Component\00. Component\02. VIBuffer\05. Buffer_Terrain_Height</Filter>
    </ClCompile>
    <ClCompile Include="..\Codes\Terrain_Height.cpp">
      <Filter>02. GameObject\01. Scene_Stage\04. Terrain\00. Terrain_Height</Filter>
    </ClCompile>
    <ClCompile Include="..\Codes\Frustum.cpp">
      <Filter>97. Engine\01. Utility\02. Component\00. Component\06. Frustum</Filter>
    </ClCompile>
    <ClCompile Include="..\Codes\Constant_Buffer.cpp">
      <Filter>97. Engine\01. Utility\04. Constant_Buffer\00. Constant_Buffer</Filter>
    </ClCompile>
    <ClCompile Include="..\Codes\Constant_Buffer_Manager.cpp">
      <Filter>97. Engine\01. Utility\04. Constant_Buffer\01. Constant_Buffer_Manager</Filter>
    </ClCompile>
    <ClCompile Include="..\Codes\RTTMananger.cpp">
      <Filter>97. Engine\01. Utility\05. RenderToTexture\00. RTTManager</Filter>
    </ClCompile>
    <ClCompile Include="..\Codes\RTT.cpp">
      <Filter>97. Engine\01. Utility\05. RenderToTexture\01. RTT</Filter>
    </ClCompile>
    <ClCompile Include="..\Codes\Desc.cpp">
      <Filter>99. Default\00. Setting</Filter>
    </ClCompile>
    <ClCompile Include="..\Codes\Navigation.cpp">
      <Filter>97. Engine\01. Utility\02. Component\00. Component\07. Navigation</Filter>
    </ClCompile>
    <ClCompile Include="..\Codes\Cell.cpp">
      <Filter>97. Engine\01. Utility\02. Component\00. Component\07. Navigation\00. Cell</Filter>
    </ClCompile>
    <ClCompile Include="..\Codes\Line.cpp">
      <Filter>97. Engine\01. Utility\02. Component\00. Component\07. Navigation\01. Line</Filter>
    </ClCompile>
    <ClCompile Include="..\Codes\KeyManager.cpp">
      <Filter>97. Engine\01. Utility\06. KeyMananger</Filter>
    </ClCompile>
    <ClCompile Include="..\Codes\UI_Loading.cpp">
      <Filter>02. GameObject\97. UI\00. UI_Loading</Filter>
    </ClCompile>
    <ClCompile Include="..\Codes\UI_Diffuse.cpp">
      <Filter>02. GameObject\97. UI\99. UI_Deffered\00. UI_Diffuse</Filter>
    </ClCompile>
    <ClCompile Include="..\Codes\UI_Normal.cpp">
      <Filter>02. GameObject\97. UI\99. UI_Deffered\01. UI_Normal</Filter>
    </ClCompile>
    <ClCompile Include="..\Codes\MRT.cpp">
      <Filter>97. Engine\01. Utility\05. RenderToTexture\02. MRT</Filter>
    </ClCompile>
    <ClCompile Include="..\Codes\UI_Main.cpp">
      <Filter>02. GameObject\97. UI\99. UI_Deffered\99. UI_Main</Filter>
    </ClCompile>
    <ClCompile Include="..\Codes\Cube_Texture.cpp">
      <Filter>02. GameObject\99. BaseShape\03. Cube_Texture</Filter>
    </ClCompile>
    <ClCompile Include="..\Codes\QuadTree.cpp">
      <Filter>97. Engine\01. Utility\02. Component\00. Component\02. VIBuffer\05. Buffer_Terrain_Height\00. QuadTree</Filter>
    </ClCompile>
    <ClCompile Include="..\Codes\Collider.cpp">
      <Filter>97. Engine\01. Utility\02. Component\00. Component\08. Collider</Filter>
    </ClCompile>
    <ClCompile Include="..\Codes\Buffer_Sphere.cpp">
      <Filter>97. Engine\01. Utility\02. Component\00. Component\02. VIBuffer\06. Buffer_Sphere</Filter>
    </ClCompile>
    <ClCompile Include="..\Codes\Observer.cpp">
      <Filter>97. Engine\01. Utility\02. Component\00. Component\09. Observer</Filter>
    </ClCompile>
    <ClCompile Include="..\Codes\ObserverManager.cpp">
      <Filter>97. Engine\01. Utility\07. ObserverManager</Filter>
    </ClCompile>
    <ClCompile Include="..\Codes\LoadManager.cpp">
      <Filter>97. Engine\01. Utility\08. LoadManager</Filter>
    </ClCompile>
    <ClCompile Include="..\Codes\UI_HP.cpp">
      <Filter>02. GameObject\97. UI\01. UI_HP</Filter>
    </ClCompile>
    <ClCompile Include="..\Codes\UI_MP.cpp">
      <Filter>02. GameObject\97. UI\02. UI_MaxTime</Filter>
    </ClCompile>
    <ClCompile Include="..\Codes\Fire.cpp">
      <Filter>02. GameObject\01. Scene_Stage\99. Environment\01. Fire</Filter>
    </ClCompile>
    <ClCompile Include="..\Codes\TestCube.cpp">
      <Filter>02. GameObject\99. BaseShape\99. TestCube</Filter>
    </ClCompile>
    <ClCompile Include="..\Codes\UI_Shade.cpp">
      <Filter>02. GameObject\97. UI\99. UI_Deffered\03. UI_Shade</Filter>
    </ClCompile>
    <ClCompile Include="..\Codes\UI.cpp">
      <Filter>02. GameObject\97. UI</Filter>
    </ClCompile>
    <ClCompile Include="..\Codes\TestMesh.cpp">
      <Filter>02. GameObject\01. Scene_Stage\98. Test\99. TestMesh</Filter>
    </ClCompile>
    <ClCompile Include="..\Codes\FbxLoader.cpp">
      <Filter>95. Loaders\00. FbxLoader</Filter>
    </ClCompile>
    <ClCompile Include="..\Codes\Mesh.cpp">
      <Filter>97. Engine\01. Utility\02. Component\00. Component\05. Mesh</Filter>
    </ClCompile>
    <ClCompile Include="..\Codes\UAV.cpp">
      <Filter>97. Engine\01. Utility\09. UAVManager\00. UAV</Filter>
    </ClCompile>
    <ClCompile Include="..\Codes\UAVManager.cpp">
      <Filter>97. Engine\01. Utility\09. UAVManager\01. UAVManager</Filter>
    </ClCompile>
    <ClCompile Include="..\Codes\Particle.cpp">
      <Filter>97. Engine\01. Utility\02. Component\00. Component\10. Particle</Filter>
    </ClCompile>
    <ClCompile Include="..\Codes\StructedBuffer.cpp">
      <Filter>97. Engine\01. Utility\10. StructedBuffer</Filter>
    </ClCompile>
    <ClCompile Include="..\Codes\Particle_Default.cpp">
      <Filter>02. GameObject\96. Particle\99. Particle_Default</Filter>
    </ClCompile>
    <ClCompile Include="..\Codes\Animator.cpp">
      <Filter>97. Engine\01. Utility\02. Component\00. Component\11. Animator</Filter>
    </ClCompile>
    <ClCompile Include="..\Codes\Buffer_Point.cpp">
      <Filter>97. Engine\01. Utility\02. Component\00. Component\02. VIBuffer\07. Buffer_Point</Filter>
    </ClCompile>
    <ClCompile Include="..\Codes\TestHatchMesh.cpp">
      <Filter>02. GameObject\01. Scene_Stage\98. Test\97. TestHatchMesh</Filter>
    </ClCompile>
    <ClCompile Include="..\Codes\TestAnimMesh.cpp">
      <Filter>02. GameObject\01. Scene_Stage\98. Test\98. TestAnimMesh</Filter>
    </ClCompile>
    <ClCompile Include="..\Codes\Server_Manager.cpp">
      <Filter>94. Server</Filter>
    </ClCompile>
    <ClCompile Include="..\Codes\UI_Position.cpp">
      <Filter>02. GameObject\97. UI\99. UI_Deffered\02. UI_Position</Filter>
    </ClCompile>
    <ClCompile Include="..\Codes\UI_PointLight.cpp">
      <Filter>02. GameObject\97. UI\99. UI_Deffered\04. UI_Direction</Filter>
    </ClCompile>
    <ClCompile Include="..\Codes\Building.cpp">
      <Filter>02. GameObject\01. Scene_Stage\99. Environment\04. Building</Filter>
    </ClCompile>
    <ClCompile Include="..\Codes\LowPoly.cpp">
      <Filter>02. GameObject\01. Scene_Stage\99. Environment\02. LowPoly</Filter>
    </ClCompile>
    <ClCompile Include="..\Codes\Buffer_Circle.cpp">
      <Filter>97. Engine\01. Utility\02. Component\00. Component\02. VIBuffer\08. Buffer_Circle</Filter>
    </ClCompile>
    <ClCompile Include="..\Codes\Circle.cpp">
      <Filter>02. GameObject\99. BaseShape\04. Circle</Filter>
    </ClCompile>
    <ClCompile Include="..\Codes\Hatch.cpp">
      <Filter>02. GameObject\01. Scene_Stage\99. Environment\00. Hatch</Filter>
    </ClCompile>
    <ClCompile Include="..\Codes\Flag.cpp">
      <Filter>02. GameObject\01. Scene_Stage\99. Environment\05. Flag</Filter>
    </ClCompile>
    <ClCompile Include="..\Codes\UI_WoL.cpp">
      <Filter>02. GameObject\97. UI\03. UI_WoL_Red</Filter>
    </ClCompile>
    <ClCompile Include="..\Codes\UI_WoL_Blue.cpp">
      <Filter>02. GameObject\97. UI\04. UI_WoL_Blue</Filter>
    </ClCompile>
    <ClCompile Include="..\Codes\Sphere.cpp">
      <Filter>02. GameObject\99. BaseShape\05. Sphere</Filter>
    </ClCompile>
    <ClCompile Include="..\Codes\Catapult.cpp">
      <Filter>02. GameObject\01. Scene_Stage\05. Catapult</Filter>
    </ClCompile>
    <ClCompile Include="..\Codes\Player.cpp">
      <Filter>02. GameObject\01. Scene_Stage\00. Player</Filter>
    </ClCompile>
    <ClCompile Include="..\Codes\NPC.cpp">
      <Filter>02. GameObject\01. Scene_Stage\01. NPC</Filter>
    </ClCompile>
    <ClCompile Include="..\Codes\CollisionMgr.cpp">
      <Filter>97. Engine\01. Utility\11. CollisionMgr</Filter>
    </ClCompile>
    <ClCompile Include="..\Codes\Light_Camera.cpp">
      <Filter>02. GameObject\98. Camera\01. Light_Camera</Filter>
    </ClCompile>
    <ClCompile Include="..\Codes\UI_ClassTap.cpp">
      <Filter>02. GameObject\97. UI\05. UI_ClassTap</Filter>
    </ClCompile>
    <ClCompile Include="..\Codes\Inventory_Camera.cpp">
      <Filter>02. GameObject\98. Camera\02. Inventory_Camera</Filter>
    </ClCompile>
    <ClCompile Include="..\Codes\Player_Inven.cpp">
      <Filter>02. GameObject\01. Scene_Stage\00. Player\Inven</Filter>
    </ClCompile>
    <ClCompile Include="..\Codes\UI_Button.cpp">
      <Filter>02. GameObject\97. UI\98. default\00. Button</Filter>
    </ClCompile>
    <ClCompile Include="..\Codes\UI_CharInterface.cpp">
      <Filter>02. GameObject\97. UI\98. default\01. UI_CharInterface</Filter>
    </ClCompile>
    <ClCompile Include="..\Codes\UI_OnHead.cpp">
      <Filter>02. GameObject\97. UI\05. UI_OnHead</Filter>
    </ClCompile>
    <ClCompile Include="..\Codes\Throw_Arrow.cpp">
      <Filter>02. GameObject\01. Scene_Stage\06. Throw\00. Throw_Arrow</Filter>
    </ClCompile>
    <ClCompile Include="..\Codes\UI_ButtonNPC.cpp">
      <Filter>02. GameObject\97. UI\98. default\02. UI_NPCButton</Filter>
    </ClCompile>
    <ClCompile Include="..\Codes\UI_Skill.cpp">
      <Filter>02. GameObject\97. UI\08. UI_Skill</Filter>
    </ClCompile>
    <ClCompile Include="..\Codes\UI_Shop.cpp">
      <Filter>02. GameObject\97. UI\09. UI_Shop</Filter>
    </ClCompile>
    <ClCompile Include="..\Codes\Water.cpp">
      <Filter>02. GameObject\01. Scene_Stage\99. Environment\06. Water</Filter>
    </ClCompile>
    <ClCompile Include="..\Codes\Buffer_RectTexNor.cpp">
      <Filter>97. Engine\01. Utility\02. Component\00. Component\02. VIBuffer\09. Buffer_RectTexNor</Filter>
    </ClCompile>
    <ClCompile Include="..\Codes\Reflection_Camera.cpp">
      <Filter>02. GameObject\98. Camera\02. Reflection_Camera</Filter>
    </ClCompile>
    <ClCompile Include="..\Codes\TestBuffer.cpp">
      <Filter>02. GameObject\01. Scene_Stage\98. Test\96. TestBuffer</Filter>
    </ClCompile>
    <ClCompile Include="..\Codes\FontMgr.cpp">
      <Filter>97. Engine\01. Utility\12. FontMgr</Filter>
    </ClCompile>
    <ClCompile Include="..\Codes\Font.cpp">
      <Filter>97. Engine\01. Utility\12. FontMgr\00. Font</Filter>
    </ClCompile>
    <ClCompile Include="..\Codes\Picking.cpp">
      <Filter>97. Engine\01. Utility\02. Component\00. Component\12. Picking</Filter>
    </ClCompile>
    <ClCompile Include="..\Codes\UI_MiniMap.cpp">
      <Filter>02. GameObject\97. UI\06. UI_MiniMap</Filter>
    </ClCompile>
    <ClCompile Include="..\Codes\UI_Aim.cpp">
      <Filter>02. GameObject\97. UI\07. UI_Aim</Filter>
    </ClCompile>
    <ClCompile Include="..\Codes\Castle.cpp">
      <Filter>02. GameObject\01. Scene_Stage\99. Environment\07. Castle</Filter>
    </ClCompile>
    <ClCompile Include="..\Codes\Deffend.cpp">
      <Filter>02. GameObject\01. Scene_Stage\07. Deffend</Filter>
    </ClCompile>
    <ClCompile Include="..\Codes\Test_Tess.cpp">
      <Filter>02. GameObject\01. Scene_Stage\98. Test\05. Test_Tess</Filter>
    </ClCompile>
    <ClCompile Include="..\Codes\Animals.cpp">
      <Filter>02. GameObject\01. Scene_Stage\08. Animals</Filter>
    </ClCompile>
    <ClCompile Include="..\Codes\Particle_Run.cpp">
      <Filter>02. GameObject\96. Particle\00. Particle_Run</Filter>
    </ClCompile>
    <ClCompile Include="..\Codes\SoundMgr.cpp">
      <Filter>97. Engine\01. Utility\13. SoundMgr</Filter>
    </ClCompile>
    <ClCompile Include="..\Codes\EffectBox.cpp">
      <Filter>02. GameObject\01. Scene_Stage\97. Effect\00. EffectBox</Filter>
    </ClCompile>
    <ClCompile Include="..\Codes\Lobby.cpp">
      <Filter>01. Scene\01. Lobby</Filter>
    </ClCompile>
    <ClCompile Include="..\Codes\Map_Camera.cpp">
      <Filter>02. GameObject\98. Camera\04. Map_Camera</Filter>
    </ClCompile>
    <ClCompile Include="..\Codes\MapUser.cpp">
      <Filter>02. GameObject\01. Scene_Stage\09. MapUser</Filter>
    </ClCompile>
  </ItemGroup>
  <ItemGroup>
    <None Include="..\Headers\SimpleMath.inl">
      <Filter>98. Headers</Filter>
    </None>
    <None Include="..\Codes\DirectXTex.inl">
      <Filter>95. Loaders\01. TextureLoader</Filter>
    </None>
    <None Include="..\ShaderFiles\Shader_UI_Deffered.hlsl">
      <Filter>96. ShaderFiles\01. Deffered</Filter>
    </None>
    <None Include="..\ShaderFiles\Shader_Merge_Deffered.hlsl">
      <Filter>96. ShaderFiles\01. Deffered</Filter>
    </None>
    <None Include="..\ShaderFiles\Shader_Cell.hlsl">
      <Filter>96. ShaderFiles\03. Tool</Filter>
    </None>
    <None Include="..\ShaderFiles\Shader_Collider.hlsl">
      <Filter>96. ShaderFiles\03. Tool</Filter>
    </None>
    <None Include="..\ShaderFiles\Shader_Default.hlsl">
      <Filter>96. ShaderFiles\04. Default</Filter>
    </None>
    <None Include="..\ShaderFiles\Shader_Texture.hlsl">
      <Filter>96. ShaderFiles\04. Default</Filter>
    </None>
    <None Include="..\ShaderFiles\Shader_Toon.hlsl">
      <Filter>96. ShaderFiles\05. Mesh</Filter>
    </None>
    <None Include="..\ShaderFiles\Shader_Hatch.hlsl">
      <Filter>96. ShaderFiles\05. Mesh</Filter>
    </None>
    <None Include="..\ShaderFiles\Compute\Shader_Compute_Default.hlsl">
      <Filter>96. ShaderFiles\99. Compute</Filter>
    </None>
    <None Include="..\ShaderFiles\Shader_Animation.hlsl">
      <Filter>96. ShaderFiles\05. Mesh</Filter>
    </None>
    <None Include="..\ShaderFiles\Shader_Mesh_Default.hlsl">
      <Filter>96. ShaderFiles\05. Mesh</Filter>
    </None>
    <None Include="..\ShaderFiles\Shader_PointLIght.hlsl">
      <Filter>96. ShaderFiles\07. Light</Filter>
    </None>
    <None Include="..\ShaderFiles\Shader_DirectionLight.hlsl">
      <Filter>96. ShaderFiles\07. Light</Filter>
    </None>
    <None Include="..\ShaderFiles\Shader_Environment.hlsl">
      <Filter>96. ShaderFiles\04. Default</Filter>
    </None>
    <None Include="..\ShaderFiles\Shader_SkyBox.hlsl">
      <Filter>96. ShaderFiles\04. Default</Filter>
    </None>
    <None Include="..\ShaderFiles\Shader_Terrain.hlsl">
      <Filter>96. ShaderFiles\04. Default</Filter>
    </None>
    <None Include="..\ShaderFiles\Shader_Deffered_Light.hlsl">
      <Filter>96. ShaderFiles\01. Deffered</Filter>
    </None>
    <None Include="..\ShaderFiles\Compute\Shader_Compute_Default_1.hlsl">
      <Filter>96. ShaderFiles\99. Compute</Filter>
    </None>
    <None Include="..\ShaderFiles\Compute\Shader_Compute_Default_2.hlsl">
      <Filter>96. ShaderFiles\99. Compute</Filter>
    </None>
    <None Include="..\ShaderFiles\Compute\Shader_Compute_Default_3.hlsl">
      <Filter>96. ShaderFiles\99. Compute</Filter>
    </None>
    <None Include="..\ShaderFiles\Compute\Shader_Compute_Default_4.hlsl">
      <Filter>96. ShaderFiles\99. Compute</Filter>
    </None>
    <None Include="..\ShaderFiles\Compute\Shader_Compute_HP.hlsl">
      <Filter>96. ShaderFiles\99. Compute</Filter>
    </None>
    <None Include="..\ShaderFiles\Compute\Shader_Compute_MaxTime.hlsl">
      <Filter>96. ShaderFiles\99. Compute</Filter>
    </None>
    <None Include="..\ShaderFiles\Compute\Shader_Compute_WoL_Red.hlsl">
      <Filter>96. ShaderFiles\99. Compute</Filter>
    </None>
    <None Include="..\ShaderFiles\Compute\Shader_Compute_WoL_Blue.hlsl">
      <Filter>96. ShaderFiles\99. Compute</Filter>
    </None>
    <None Include="..\ShaderFiles\Shader_Particle.hlsl">
      <Filter>96. ShaderFiles\06. Particle</Filter>
    </None>
    <None Include="..\ShaderFiles\Shader_Shadow.hlsl">
      <Filter>96. ShaderFiles\01. Deffered</Filter>
    </None>
    <None Include="..\ShaderFiles\Shader_UUI.hlsl">
      <Filter>96. ShaderFiles\04. Default</Filter>
    </None>
    <None Include="..\ShaderFiles\Shader_UUU.hlsl">
      <Filter>96. ShaderFiles\04. Default</Filter>
    </None>
    <None Include="..\ShaderFiles\Shader_PostEffect.hlsl">
      <Filter>96. ShaderFiles\08. Effect</Filter>
    </None>
    <None Include="..\ShaderFiles\Shader_Blur.hlsl">
      <Filter>96. ShaderFiles\08. Effect</Filter>
    </None>
    <None Include="..\ShaderFiles\Shader_UI.hlsl">
      <Filter>96. ShaderFiles\09. UI</Filter>
    </None>
    <None Include="..\ShaderFiles\Shader_OnHead.hlsl">
      <Filter>96. ShaderFiles\09. UI</Filter>
    </None>
    <None Include="..\ShaderFiles\Shader_InGame_UI.hlsl">
      <Filter>96. ShaderFiles\09. UI</Filter>
    </None>
    <None Include="..\ShaderFiles\Shader_Fire.hlsl">
      <Filter>96. ShaderFiles\08. Effect</Filter>
    </None>
    <None Include="..\ShaderFiles\Shader_Reflection.hlsl">
      <Filter>96. ShaderFiles\08. Effect</Filter>
    </None>
    <None Include="..\ShaderFiles\Shader_UI_Skill.hlsl">
      <Filter>96. ShaderFiles\04. Default</Filter>
    </None>
    <None Include="..\ShaderFiles\Shader_UI_Flag.hlsl">
      <Filter>96. ShaderFiles\04. Default</Filter>
    </None>
    <None Include="..\ShaderFiles\Shader_Decal.hlsl">
      <Filter>96. ShaderFiles\04. Default</Filter>
    </None>
    <None Include="..\ShaderFiles\Shader_Water.hlsl">
      <Filter>96. ShaderFiles\05. Mesh</Filter>
    </None>
    <None Include="..\ShaderFiles\Shader_Font.hlsl">
      <Filter>96. ShaderFiles\05. Mesh</Filter>
    </None>
    <None Include="..\ShaderFiles\Shader_Terrain_Tess.hlsl">
      <Filter>96. ShaderFiles\04. Default</Filter>
    </None>
    <None Include="..\ShaderFiles\Shader_PostEffect_Buffer.hlsl">
      <Filter>96. ShaderFiles\08. Effect</Filter>
    </None>
  </ItemGroup>
  <ItemGroup>
    <FxCompile Include="..\ShaderFiles\Value.hlsl">
      <Filter>96. ShaderFiles\00. Struct</Filter>
    </FxCompile>
    <FxCompile Include="..\ShaderFiles\Function.hlsl">
      <Filter>96. ShaderFiles\00. Struct</Filter>
    </FxCompile>
  </ItemGroup>
</Project>