
Microsoft Visual Studio Solution File, Format Version 12.00
# Visual Studio Version 16
VisualStudioVersion = 16.0.30413.136
MinimumVisualStudioVersion = 10.0.40219.1
Project("{8BC9CEB8-8B4A-11D0-8D11-00A0C91BC942}") = "NetworkGameProgramming_1", "NetworkGameProgramming_1\NetworkGameProgramming_1.vcxproj", "{BBA33C53-280E-4EFB-9AF8-6299ED2CDD18}"
EndProject
Project("{8BC9CEB8-8B4A-11D0-8D11-00A0C91BC942}") = "NetworkGameProgramming_2", "NetworkGameProgramming_2\NetworkGameProgramming_2.vcxproj", "{07DAEFF6-9FDE-4393-B99D-61A16AF62AF8}"
EndProject
Project("{8BC9CEB8-8B4A-11D0-8D11-00A0C91BC942}") = "NetworkGameProgramming_3", "NetworkGameProgramming_3\NetworkGameProgramming_3.vcxproj", "{4FA57FD1-E25A-44FD-A474-38ECC926E32F}"
EndProject
Project("{8BC9CEB8-8B4A-11D0-8D11-00A0C91BC942}") = "NetworkGameProgramming_4", "NetworkGameProgramming_4\NetworkGameProgramming_4.vcxproj", "{096AFEF7-A02A-45A6-BD75-5645D3D5F550}"
EndProject
Project("{8BC9CEB8-8B4A-11D0-8D11-00A0C91BC942}") = "NetworkGameProgramming_5_s", "NetworkGameProgramming_5_s\NetworkGameProgramming_5_s.vcxproj", "{9C10E2FB-27CB-4265-B2B9-BDA176FFEA57}"
EndProject
Project("{8BC9CEB8-8B4A-11D0-8D11-00A0C91BC942}") = "NetworkGameProgramming_5_c", "NetworkGameProgramming_5_c\NetworkGameProgramming_5_c.vcxproj", "{747BE563-D4B2-4781-B443-AFA329917CE7}"
EndProject
Project("{8BC9CEB8-8B4A-11D0-8D11-00A0C91BC942}") = "NetworkGameProgramming_6_s", "NetworkGameProgramming_6_s\NetworkGameProgramming_6_s.vcxproj", "{86426FEB-19F3-4502-9302-1B67B6AD5AB7}"
EndProject
Project("{8BC9CEB8-8B4A-11D0-8D11-00A0C91BC942}") = "NewworkGameProgramming_11_c", "NewworkGameProgramming_11_c\NewworkGameProgramming_11_c.vcxproj", "{8639D4C7-DB31-4700-86A1-06AF82AF3D91}"
EndProject
Global
	GlobalSection(SolutionConfigurationPlatforms) = preSolution
		Debug|x64 = Debug|x64
		Debug|x86 = Debug|x86
		Release|x64 = Release|x64
		Release|x86 = Release|x86
	EndGlobalSection
	GlobalSection(ProjectConfigurationPlatforms) = postSolution
		{BBA33C53-280E-4EFB-9AF8-6299ED2CDD18}.Debug|x64.ActiveCfg = Debug|x64
		{BBA33C53-280E-4EFB-9AF8-6299ED2CDD18}.Debug|x64.Build.0 = Debug|x64
		{BBA33C53-280E-4EFB-9AF8-6299ED2CDD18}.Debug|x86.ActiveCfg = Debug|Win32
		{BBA33C53-280E-4EFB-9AF8-6299ED2CDD18}.Debug|x86.Build.0 = Debug|Win32
		{BBA33C53-280E-4EFB-9AF8-6299ED2CDD18}.Release|x64.ActiveCfg = Release|x64
		{BBA33C53-280E-4EFB-9AF8-6299ED2CDD18}.Release|x64.Build.0 = Release|x64
		{BBA33C53-280E-4EFB-9AF8-6299ED2CDD18}.Release|x86.ActiveCfg = Release|Win32
		{BBA33C53-280E-4EFB-9AF8-6299ED2CDD18}.Release|x86.Build.0 = Release|Win32
		{07DAEFF6-9FDE-4393-B99D-61A16AF62AF8}.Debug|x64.ActiveCfg = Debug|x64
		{07DAEFF6-9FDE-4393-B99D-61A16AF62AF8}.Debug|x64.Build.0 = Debug|x64
		{07DAEFF6-9FDE-4393-B99D-61A16AF62AF8}.Debug|x86.ActiveCfg = Debug|Win32
		{07DAEFF6-9FDE-4393-B99D-61A16AF62AF8}.Debug|x86.Build.0 = Debug|Win32
		{07DAEFF6-9FDE-4393-B99D-61A16AF62AF8}.Release|x64.ActiveCfg = Release|x64
		{07DAEFF6-9FDE-4393-B99D-61A16AF62AF8}.Release|x64.Build.0 = Release|x64
		{07DAEFF6-9FDE-4393-B99D-61A16AF62AF8}.Release|x86.ActiveCfg = Release|Win32
		{07DAEFF6-9FDE-4393-B99D-61A16AF62AF8}.Release|x86.Build.0 = Release|Win32
		{4FA57FD1-E25A-44FD-A474-38ECC926E32F}.Debug|x64.ActiveCfg = Debug|x64
		{4FA57FD1-E25A-44FD-A474-38ECC926E32F}.Debug|x64.Build.0 = Debug|x64
		{4FA57FD1-E25A-44FD-A474-38ECC926E32F}.Debug|x86.ActiveCfg = Debug|Win32
		{4FA57FD1-E25A-44FD-A474-38ECC926E32F}.Debug|x86.Build.0 = Debug|Win32
		{4FA57FD1-E25A-44FD-A474-38ECC926E32F}.Release|x64.ActiveCfg = Release|x64
		{4FA57FD1-E25A-44FD-A474-38ECC926E32F}.Release|x64.Build.0 = Release|x64
		{4FA57FD1-E25A-44FD-A474-38ECC926E32F}.Release|x86.ActiveCfg = Release|Win32
		{4FA57FD1-E25A-44FD-A474-38ECC926E32F}.Release|x86.Build.0 = Release|Win32
		{096AFEF7-A02A-45A6-BD75-5645D3D5F550}.Debug|x64.ActiveCfg = Debug|x64
		{096AFEF7-A02A-45A6-BD75-5645D3D5F550}.Debug|x64.Build.0 = Debug|x64
		{096AFEF7-A02A-45A6-BD75-5645D3D5F550}.Debug|x86.ActiveCfg = Debug|Win32
		{096AFEF7-A02A-45A6-BD75-5645D3D5F550}.Debug|x86.Build.0 = Debug|Win32
		{096AFEF7-A02A-45A6-BD75-5645D3D5F550}.Release|x64.ActiveCfg = Release|x64
		{096AFEF7-A02A-45A6-BD75-5645D3D5F550}.Release|x64.Build.0 = Release|x64
		{096AFEF7-A02A-45A6-BD75-5645D3D5F550}.Release|x86.ActiveCfg = Release|Win32
		{096AFEF7-A02A-45A6-BD75-5645D3D5F550}.Release|x86.Build.0 = Release|Win32
		{9C10E2FB-27CB-4265-B2B9-BDA176FFEA57}.Debug|x64.ActiveCfg = Debug|x64
		{9C10E2FB-27CB-4265-B2B9-BDA176FFEA57}.Debug|x64.Build.0 = Debug|x64
		{9C10E2FB-27CB-4265-B2B9-BDA176FFEA57}.Debug|x86.ActiveCfg = Debug|Win32
		{9C10E2FB-27CB-4265-B2B9-BDA176FFEA57}.Debug|x86.Build.0 = Debug|Win32
		{9C10E2FB-27CB-4265-B2B9-BDA176FFEA57}.Release|x64.ActiveCfg = Release|x64
		{9C10E2FB-27CB-4265-B2B9-BDA176FFEA57}.Release|x64.Build.0 = Release|x64
		{9C10E2FB-27CB-4265-B2B9-BDA176FFEA57}.Release|x86.ActiveCfg = Release|Win32
		{9C10E2FB-27CB-4265-B2B9-BDA176FFEA57}.Release|x86.Build.0 = Release|Win32
		{747BE563-D4B2-4781-B443-AFA329917CE7}.Debug|x64.ActiveCfg = Debug|x64
		{747BE563-D4B2-4781-B443-AFA329917CE7}.Debug|x64.Build.0 = Debug|x64
		{747BE563-D4B2-4781-B443-AFA329917CE7}.Debug|x86.ActiveCfg = Debug|Win32
		{747BE563-D4B2-4781-B443-AFA329917CE7}.Debug|x86.Build.0 = Debug|Win32
		{747BE563-D4B2-4781-B443-AFA329917CE7}.Release|x64.ActiveCfg = Release|x64
		{747BE563-D4B2-4781-B443-AFA329917CE7}.Release|x64.Build.0 = Release|x64
		{747BE563-D4B2-4781-B443-AFA329917CE7}.Release|x86.ActiveCfg = Release|Win32
		{747BE563-D4B2-4781-B443-AFA329917CE7}.Release|x86.Build.0 = Release|Win32
		{86426FEB-19F3-4502-9302-1B67B6AD5AB7}.Debug|x64.ActiveCfg = Debug|x64
		{86426FEB-19F3-4502-9302-1B67B6AD5AB7}.Debug|x64.Build.0 = Debug|x64
		{86426FEB-19F3-4502-9302-1B67B6AD5AB7}.Debug|x86.ActiveCfg = Debug|Win32
		{86426FEB-19F3-4502-9302-1B67B6AD5AB7}.Debug|x86.Build.0 = Debug|Win32
		{86426FEB-19F3-4502-9302-1B67B6AD5AB7}.Release|x64.ActiveCfg = Release|x64
		{86426FEB-19F3-4502-9302-1B67B6AD5AB7}.Release|x64.Build.0 = Release|x64
		{86426FEB-19F3-4502-9302-1B67B6AD5AB7}.Release|x86.ActiveCfg = Release|Win32
		{86426FEB-19F3-4502-9302-1B67B6AD5AB7}.Release|x86.Build.0 = Release|Win32
		{8639D4C7-DB31-4700-86A1-06AF82AF3D91}.Debug|x64.ActiveCfg = Debug|x64
		{8639D4C7-DB31-4700-86A1-06AF82AF3D91}.Debug|x64.Build.0 = Debug|x64
		{8639D4C7-DB31-4700-86A1-06AF82AF3D91}.Debug|x86.ActiveCfg = Debug|Win32
		{8639D4C7-DB31-4700-86A1-06AF82AF3D91}.Debug|x86.Build.0 = Debug|Win32
		{8639D4C7-DB31-4700-86A1-06AF82AF3D91}.Release|x64.ActiveCfg = Release|x64
		{8639D4C7-DB31-4700-86A1-06AF82AF3D91}.Release|x64.Build.0 = Release|x64
		{8639D4C7-DB31-4700-86A1-06AF82AF3D91}.Release|x86.ActiveCfg = Release|Win32
		{8639D4C7-DB31-4700-86A1-06AF82AF3D91}.Release|x86.Build.0 = Release|Win32
	EndGlobalSection
	GlobalSection(SolutionProperties) = preSolution
		HideSolutionNode = FALSE
	EndGlobalSection
	GlobalSection(ExtensibilityGlobals) = postSolution
		SolutionGuid = {6DEFD16F-C3D4-470C-96A6-68C7B06E8B3A}
	EndGlobalSection
EndGlobal
