<?xml version="1.0" encoding="utf-8"?>
<Project ToolsVersion="4.0" xmlns="http://schemas.microsoft.com/developer/msbuild/2003">
  <ItemGroup>
    <Filter Include="00.MainApp">
      <UniqueIdentifier>{1a8d7936-a572-4aa6-aeec-ffb70fa7331e}</UniqueIdentifier>
    </Filter>
    <Filter Include="01.Document">
      <UniqueIdentifier>{f945b7b7-cc91-4de6-9b14-760d5a1ba281}</UniqueIdentifier>
    </Filter>
    <Filter Include="02.FrameWnd">
      <UniqueIdentifier>{4e9c999a-19bd-4d45-9007-f43e45da9f1e}</UniqueIdentifier>
    </Filter>
    <Filter Include="03.ViewWnd">
      <UniqueIdentifier>{fe5608ca-0d19-4fba-a17d-9082adbbc145}</UniqueIdentifier>
    </Filter>
    <Filter Include="99.Default">
      <UniqueIdentifier>{a83aec7a-42a9-4915-a510-c2e868328651}</UniqueIdentifier>
    </Filter>
    <Filter Include="98.Managers">
      <UniqueIdentifier>{cea05982-bc66-407f-a608-362936709cfd}</UniqueIdentifier>
    </Filter>
    <Filter Include="98.Managers\00.Device">
      <UniqueIdentifier>{0e103e7a-c121-4518-b903-7e9413f612d2}</UniqueIdentifier>
    </Filter>
    <Filter Include="98.Managers\01.TextureMgr">
      <UniqueIdentifier>{c31a63f6-9c21-45bc-9703-20e3ed1504c9}</UniqueIdentifier>
    </Filter>
    <Filter Include="98.Managers\01.TextureMgr\00.Texture">
      <UniqueIdentifier>{fe42c9fa-65a4-4a57-b317-c0c9fb63c207}</UniqueIdentifier>
    </Filter>
    <Filter Include="98.Managers\01.TextureMgr\00.Texture\00.SingleTexture">
      <UniqueIdentifier>{adfafcd6-2ec1-450b-b4d1-891fe674733d}</UniqueIdentifier>
    </Filter>
    <Filter Include="98.Managers\01.TextureMgr\00.Texture\01.MultiTexture">
      <UniqueIdentifier>{356e9f57-333f-4f5e-ba50-1058a7ebab0d}</UniqueIdentifier>
    </Filter>
    <Filter Include="03.ViewWnd\00.FormView">
      <UniqueIdentifier>{43f8f04f-6764-4304-ab6e-c46f74b72630}</UniqueIdentifier>
    </Filter>
    <Filter Include="03.ViewWnd\01.MiniView">
      <UniqueIdentifier>{93601560-48d7-4282-acb8-eb8df2c74942}</UniqueIdentifier>
    </Filter>
    <Filter Include="04.Dialog">
      <UniqueIdentifier>{263e0bac-6e6c-44d0-a9a6-3240f72cbe88}</UniqueIdentifier>
    </Filter>
    <Filter Include="04.Dialog\00.UnitTool">
      <UniqueIdentifier>{4f8317aa-e27c-44c8-998e-dac0222fd125}</UniqueIdentifier>
    </Filter>
    <Filter Include="04.Dialog\01.MapTool">
      <UniqueIdentifier>{859046c3-8cd8-4566-ad54-116e85d74720}</UniqueIdentifier>
    </Filter>
    <Filter Include="05.Terrain">
      <UniqueIdentifier>{df57e43d-baae-413f-ac23-06d85a077fa4}</UniqueIdentifier>
    </Filter>
    <Filter Include="06.FileInfo">
      <UniqueIdentifier>{d9f920bd-48b0-4ea7-b8a4-0f5d4ad6bd46}</UniqueIdentifier>
    </Filter>
    <Filter Include="04.Dialog\02.PopUpWnd">
      <UniqueIdentifier>{6fa59044-23ac-46c8-a83b-09e0e868204a}</UniqueIdentifier>
    </Filter>
    <Filter Include="04.Dialog\02.PopUpWnd\00.MySheet">
      <UniqueIdentifier>{4dc5be81-54b8-4ba6-9d90-e61b60901598}</UniqueIdentifier>
    </Filter>
    <Filter Include="04.Dialog\02.PopUpWnd\00.MySheet\00.MyPage1">
      <UniqueIdentifier>{3454c749-b464-41c5-8291-081e10faed3e}</UniqueIdentifier>
    </Filter>
    <Filter Include="04.Dialog\02.PopUpWnd\00.MySheet\01.MyPage2">
      <UniqueIdentifier>{1e98e819-6074-4867-b11c-2823f1df817d}</UniqueIdentifier>
    </Filter>
    <Filter Include="04.Dialog\03.PathFind">
      <UniqueIdentifier>{f0f15ecb-8186-4634-893b-e67820de0768}</UniqueIdentifier>
    </Filter>
  </ItemGroup>
  <ItemGroup>
    <ClInclude Include="Tool.h">
      <Filter>00.MainApp</Filter>
    </ClInclude>
    <ClInclude Include="ToolDoc.h">
      <Filter>01.Document</Filter>
    </ClInclude>
    <ClInclude Include="MainFrm.h">
      <Filter>02.FrameWnd</Filter>
    </ClInclude>
    <ClInclude Include="ToolView.h">
      <Filter>03.ViewWnd</Filter>
    </ClInclude>
    <ClInclude Include="Resource.h">
      <Filter>99.Default</Filter>
    </ClInclude>
    <ClInclude Include="stdafx.h">
      <Filter>99.Default</Filter>
    </ClInclude>
    <ClInclude Include="targetver.h">
      <Filter>99.Default</Filter>
    </ClInclude>
    <ClInclude Include="Device.h">
      <Filter>98.Managers\00.Device</Filter>
    </ClInclude>
    <ClInclude Include="Texture.h">
      <Filter>98.Managers\01.TextureMgr\00.Texture</Filter>
    </ClInclude>
    <ClInclude Include="SingleTexture.h">
      <Filter>98.Managers\01.TextureMgr\00.Texture\00.SingleTexture</Filter>
    </ClInclude>
    <ClInclude Include="MultiTexture.h">
      <Filter>98.Managers\01.TextureMgr\00.Texture\01.MultiTexture</Filter>
    </ClInclude>
    <ClInclude Include="TextureMgr.h">
      <Filter>98.Managers\01.TextureMgr</Filter>
    </ClInclude>
    <ClInclude Include="Terrain.h">
      <Filter>05.Terrain</Filter>
    </ClInclude>
    <ClInclude Include="MyForm.h">
      <Filter>03.ViewWnd\00.FormView</Filter>
    </ClInclude>
    <ClInclude Include="MiniView.h">
      <Filter>03.ViewWnd\01.MiniView</Filter>
    </ClInclude>
    <ClInclude Include="UnitTool.h">
      <Filter>04.Dialog\00.UnitTool</Filter>
    </ClInclude>
    <ClInclude Include="MapTool.h">
      <Filter>04.Dialog\01.MapTool</Filter>
    </ClInclude>
    <ClInclude Include="FileInfo.h">
      <Filter>06.FileInfo</Filter>
    </ClInclude>
    <ClInclude Include="PopupWnd.h">
      <Filter>04.Dialog\02.PopUpWnd</Filter>
    </ClInclude>
    <ClInclude Include="MySheet.h">
      <Filter>04.Dialog\02.PopUpWnd\00.MySheet</Filter>
    </ClInclude>
    <ClInclude Include="MyPage1.h">
      <Filter>04.Dialog\02.PopUpWnd\00.MySheet\00.MyPage1</Filter>
    </ClInclude>
    <ClInclude Include="MyPage2.h">
      <Filter>04.Dialog\02.PopUpWnd\00.MySheet\01.MyPage2</Filter>
    </ClInclude>
    <ClInclude Include="PathFind.h">
      <Filter>04.Dialog\03.PathFind</Filter>
    </ClInclude>
  </ItemGroup>
  <ItemGroup>
    <ClCompile Include="Tool.cpp">
      <Filter>00.MainApp</Filter>
    </ClCompile>
    <ClCompile Include="ToolDoc.cpp">
      <Filter>01.Document</Filter>
    </ClCompile>
    <ClCompile Include="MainFrm.cpp">
      <Filter>02.FrameWnd</Filter>
    </ClCompile>
    <ClCompile Include="ToolView.cpp">
      <Filter>03.ViewWnd</Filter>
    </ClCompile>
    <ClCompile Include="stdafx.cpp">
      <Filter>99.Default</Filter>
    </ClCompile>
    <ClCompile Include="Device.cpp">
      <Filter>98.Managers\00.Device</Filter>
    </ClCompile>
    <ClCompile Include="Texture.cpp">
      <Filter>98.Managers\01.TextureMgr\00.Texture</Filter>
    </ClCompile>
    <ClCompile Include="SingleTexture.cpp">
      <Filter>98.Managers\01.TextureMgr\00.Texture\00.SingleTexture</Filter>
    </ClCompile>
    <ClCompile Include="MultiTexture.cpp">
      <Filter>98.Managers\01.TextureMgr\00.Texture\01.MultiTexture</Filter>
    </ClCompile>
    <ClCompile Include="TextureMgr.cpp">
      <Filter>98.Managers\01.TextureMgr</Filter>
    </ClCompile>
    <ClCompile Include="Terrain.cpp">
      <Filter>05.Terrain</Filter>
    </ClCompile>
    <ClCompile Include="MyForm.cpp">
      <Filter>03.ViewWnd\00.FormView</Filter>
    </ClCompile>
    <ClCompile Include="MiniView.cpp">
      <Filter>03.ViewWnd\01.MiniView</Filter>
    </ClCompile>
    <ClCompile Include="UnitTool.cpp">
      <Filter>04.Dialog\00.UnitTool</Filter>
    </ClCompile>
    <ClCompile Include="MapTool.cpp">
      <Filter>04.Dialog\01.MapTool</Filter>
    </ClCompile>
    <ClCompile Include="FileInfo.cpp">
      <Filter>06.FileInfo</Filter>
    </ClCompile>
    <ClCompile Include="PopupWnd.cpp">
      <Filter>04.Dialog\02.PopUpWnd</Filter>
    </ClCompile>
    <ClCompile Include="MySheet.cpp">
      <Filter>04.Dialog\02.PopUpWnd\00.MySheet</Filter>
    </ClCompile>
    <ClCompile Include="MyPage1.cpp">
      <Filter>04.Dialog\02.PopUpWnd\00.MySheet\00.MyPage1</Filter>
    </ClCompile>
    <ClCompile Include="MyPage2.cpp">
      <Filter>04.Dialog\02.PopUpWnd\00.MySheet\01.MyPage2</Filter>
    </ClCompile>
    <ClCompile Include="PathFind.cpp">
      <Filter>04.Dialog\03.PathFind</Filter>
    </ClCompile>
  </ItemGroup>
  <ItemGroup>
    <Image Include="res\Tool.ico">
      <Filter>99.Default</Filter>
    </Image>
    <Image Include="res\Toolbar.bmp">
      <Filter>99.Default</Filter>
    </Image>
    <Image Include="res\ToolDoc.ico">
      <Filter>99.Default</Filter>
    </Image>
  </ItemGroup>
  <ItemGroup>
    <ResourceCompile Include="Tool.rc">
      <Filter>99.Default</Filter>
    </ResourceCompile>
  </ItemGroup>
  <ItemGroup>
    <None Include="res\Tool.rc2">
      <Filter>99.Default</Filter>
    </None>
  </ItemGroup>
</Project>